// !$*UTF8*$!
{
	archiveVersion = 1;
	classes = {
	};
	objectVersion = 77;
	objects = {

/* Begin PBXBuildFile section */
		8B0679F12CE20C3100ABD942 /* LocationManager.swift in Sources */ = {isa = PBXBuildFile; fileRef = 8B0679F02CE20C2D00ABD942 /* LocationManager.swift */; };
		8B0679F32CE2376600ABD942 /* CoreLocation.framework in Frameworks */ = {isa = PBXBuildFile; fileRef = 8B0679F22CE2376600ABD942 /* CoreLocation.framework */; };
		8B067A032CE45A6200ABD942 /* PhotoImageStore.swift in Sources */ = {isa = PBXBuildFile; fileRef = 8B067A022CE45A5C00ABD942 /* PhotoImageStore.swift */; };
		8B2FC1BB2CEDC5B30078443F /* TwemojiHelper.swift in Sources */ = {isa = PBXBuildFile; fileRef = 8B2FC1BA2CEDC5A70078443F /* TwemojiHelper.swift */; };
		8B2FC1BD2CEDD1B30078443F /* icons.json in Resources */ = {isa = PBXBuildFile; fileRef = 8B2FC1BC2CEDD1B30078443F /* icons.json */; };
		8B2FC1C22CEE45B20078443F /* Kingfisher in Frameworks */ = {isa = PBXBuildFile; productRef = 8B2FC1C12CEE45B20078443F /* Kingfisher */; };
		8B2FC1C42CEE47CC0078443F /* Emoji.swift in Sources */ = {isa = PBXBuildFile; fileRef = 8B2FC1C32CEE47C90078443F /* Emoji.swift */; };
		8B2FC1C52CEE47CC0078443F /* Emoji.swift in Sources */ = {isa = PBXBuildFile; fileRef = 8B2FC1C32CEE47C90078443F /* Emoji.swift */; };
		8B2FC1C72CEE48040078443F /* EmojiProvider.swift in Sources */ = {isa = PBXBuildFile; fileRef = 8B2FC1C62CEE48000078443F /* EmojiProvider.swift */; };
		8B2FC1C92CEE4CD90078443F /* chars.json in Resources */ = {isa = PBXBuildFile; fileRef = 8B2FC1C82CEE4CD90078443F /* chars.json */; };
		8B2FC1CB2CEE57560078443F /* metadata.json in Resources */ = {isa = PBXBuildFile; fileRef = 8B2FC1CA2CEE57560078443F /* metadata.json */; };
		8B3FE8AE2CD9E23E000A4519 /* EmojiView.swift in Sources */ = {isa = PBXBuildFile; fileRef = 8B3FE8AD2CD9E239000A4519 /* EmojiView.swift */; };
		8BA5D4A22CDAFC7900B03843 /* SearchView.swift in Sources */ = {isa = PBXBuildFile; fileRef = 8BA5D4A12CDAFC7500B03843 /* SearchView.swift */; };
		8BA5D4B42CDD3A7400B03843 /* EditStoryView.swift in Sources */ = {isa = PBXBuildFile; fileRef = 8BA5D4B32CDD3A6D00B03843 /* EditStoryView.swift */; };
		8BCB83A02CDA2A3500C49011 /* PublishScopeView.swift in Sources */ = {isa = PBXBuildFile; fileRef = 8BCB839F2CDA2A3300C49011 /* PublishScopeView.swift */; };
		8BD71F7E2CD4BB280030693B /* TakePhotoView.swift in Sources */ = {isa = PBXBuildFile; fileRef = 8BD71F7D2CD4BB1A0030693B /* TakePhotoView.swift */; };
		8BD71F802CD89A8C0030693B /* CameraPreview.swift in Sources */ = {isa = PBXBuildFile; fileRef = 8BD71F7F2CD89A860030693B /* CameraPreview.swift */; };
		8BD71F822CD89AC20030693B /* CameraService.swift in Sources */ = {isa = PBXBuildFile; fileRef = 8BD71F812CD89ABD0030693B /* CameraService.swift */; };
		8BD71F842CD89AEA0030693B /* PhotoPicker.swift in Sources */ = {isa = PBXBuildFile; fileRef = 8BD71F832CD89AE90030693B /* PhotoPicker.swift */; };
		8BD71F882CD8C6300030693B /* UploadPhotoStoryView.swift in Sources */ = {isa = PBXBuildFile; fileRef = 8BD71F872CD8C62B0030693B /* UploadPhotoStoryView.swift */; };
		8BDA11D52CDA769C004242DB /* EmojiPickerView.swift in Sources */ = {isa = PBXBuildFile; fileRef = 8BDA11D42CDA7696004242DB /* EmojiPickerView.swift */; };
		8BE42D402CF0B8B900AB21F4 /* BlurView.swift in Sources */ = {isa = PBXBuildFile; fileRef = 8BE42D3F2CF0B8B600AB21F4 /* BlurView.swift */; };
		8BE42D422CF0B8C300AB21F4 /* BlurView.swift in Resources */ = {isa = PBXBuildFile; fileRef = 8BE42D412CF0B8C300AB21F4 /* BlurView.swift */; };
		8BE42D522CF1B0E000AB21F4 /* FilterButtons.swift in Sources */ = {isa = PBXBuildFile; fileRef = 8BE42D512CF1B0D800AB21F4 /* FilterButtons.swift */; };
		8BE42D552CF1B23200AB21F4 /* OrderedCollections in Frameworks */ = {isa = PBXBuildFile; productRef = 8BE42D542CF1B23200AB21F4 /* OrderedCollections */; };
		8E538EE12CD844700094ABD1 /* RotationView.swift in Sources */ = {isa = PBXBuildFile; fileRef = 8E538EE02CD844700094ABD1 /* RotationView.swift */; };
		8E538EE32CD844A50094ABD1 /* FriendsContentsModalView.swift in Sources */ = {isa = PBXBuildFile; fileRef = 8E538EE22CD844A50094ABD1 /* FriendsContentsModalView.swift */; };
		8E611FE02CEC9E0D00DF40E4 /* AzitWidgetData.swift in Sources */ = {isa = PBXBuildFile; fileRef = 8E611FDE2CEC9E0D00DF40E4 /* AzitWidgetData.swift */; };
		8E611FE12CEC9E3100DF40E4 /* PhotoImageStore.swift in Sources */ = {isa = PBXBuildFile; fileRef = 8B067A022CE45A5C00ABD942 /* PhotoImageStore.swift */; };
		8E645D552CE4784F00F43836 /* MyContentEmojiView.swift in Sources */ = {isa = PBXBuildFile; fileRef = 8E645D542CE4784F00F43836 /* MyContentEmojiView.swift */; };
		8E645D592CE47C0700F43836 /* AzitExtension.swift in Sources */ = {isa = PBXBuildFile; fileRef = 8E645D582CE47C0700F43836 /* AzitExtension.swift */; };
		8E71EF0D2CE2DF0D00BA8F33 /* MainTopView.swift in Sources */ = {isa = PBXBuildFile; fileRef = 8E71EF0C2CE2DF0D00BA8F33 /* MainTopView.swift */; };
		8E71EF732CE2E27500BA8F33 /* MapContentEmojiView.swift in Sources */ = {isa = PBXBuildFile; fileRef = 8E71EF722CE2E27500BA8F33 /* MapContentEmojiView.swift */; };
		8E71EF772CE2E46200BA8F33 /* EllipsesView.swift in Sources */ = {isa = PBXBuildFile; fileRef = 8E71EF762CE2E46200BA8F33 /* EllipsesView.swift */; };
		8E71EF792CE2ECAE00BA8F33 /* StoryContentsView.swift in Sources */ = {isa = PBXBuildFile; fileRef = 8E71EF782CE2ECAE00BA8F33 /* StoryContentsView.swift */; };
		8E71EF7B2CE2EE8D00BA8F33 /* ContentsModalTopView.swift in Sources */ = {isa = PBXBuildFile; fileRef = 8E71EF7A2CE2EE8D00BA8F33 /* ContentsModalTopView.swift */; };
		8E71EF7D2CE2F59000BA8F33 /* ModalIdentificationView.swift in Sources */ = {isa = PBXBuildFile; fileRef = 8E71EF7C2CE2F59000BA8F33 /* ModalIdentificationView.swift */; };
		8E71EFE72CE348CA00BA8F33 /* LikesSheetView.swift in Sources */ = {isa = PBXBuildFile; fileRef = 8E71EFE62CE348CA00BA8F33 /* LikesSheetView.swift */; };
		8E863A462CF03F8300057FF8 /* RotationBar.swift in Sources */ = {isa = PBXBuildFile; fileRef = 8E863A452CF03F8300057FF8 /* RotationBar.swift */; };
		8E863A482CF0513E00057FF8 /* SwipeNavigationView.swift in Sources */ = {isa = PBXBuildFile; fileRef = 8E863A472CF0513E00057FF8 /* SwipeNavigationView.swift */; };
		8E9402612CDAE99E0005C2BB /* MapView.swift in Sources */ = {isa = PBXBuildFile; fileRef = 8E9402602CDAE99E0005C2BB /* MapView.swift */; };
		8EAFEFA92CD4528E00136348 /* Preview Assets.xcassets in Resources */ = {isa = PBXBuildFile; fileRef = 8EAFEFA32CD4528E00136348 /* Preview Assets.xcassets */; };
		8EAFEFAB2CD4528E00136348 /* AzitApp.swift in Sources */ = {isa = PBXBuildFile; fileRef = 8EAFEFA62CD4528E00136348 /* AzitApp.swift */; };
		8EAFEFAC2CD4528E00136348 /* MainView.swift in Sources */ = {isa = PBXBuildFile; fileRef = 8EAFEFA72CD4528E00136348 /* MainView.swift */; };
		8EAFEFB22CD4580800136348 /* UserInfo.swift in Sources */ = {isa = PBXBuildFile; fileRef = 8EAFEFB12CD4580800136348 /* UserInfo.swift */; };
		8EAFEFB42CD4582200136348 /* Story.swift in Sources */ = {isa = PBXBuildFile; fileRef = 8EAFEFB32CD4582200136348 /* Story.swift */; };
		8EAFEFB62CD45CB100136348 /* Chat.swift in Sources */ = {isa = PBXBuildFile; fileRef = 8EAFEFB52CD45CB100136348 /* Chat.swift */; };
		8EAFEFB82CD45CCE00136348 /* ChatRoom.swift in Sources */ = {isa = PBXBuildFile; fileRef = 8EAFEFB72CD45CCE00136348 /* ChatRoom.swift */; };
		8EAFEFBB2CD45D8D00136348 /* FirebaseAuth in Frameworks */ = {isa = PBXBuildFile; productRef = 8EAFEFBA2CD45D8D00136348 /* FirebaseAuth */; };
		8EAFEFBD2CD45D8D00136348 /* FirebaseAuthCombine-Community in Frameworks */ = {isa = PBXBuildFile; productRef = 8EAFEFBC2CD45D8D00136348 /* FirebaseAuthCombine-Community */; };
		8EAFEFBF2CD45D8D00136348 /* FirebaseDatabase in Frameworks */ = {isa = PBXBuildFile; productRef = 8EAFEFBE2CD45D8D00136348 /* FirebaseDatabase */; };
		8EAFEFC12CD45D8D00136348 /* FirebaseFirestore in Frameworks */ = {isa = PBXBuildFile; productRef = 8EAFEFC02CD45D8D00136348 /* FirebaseFirestore */; };
		8EAFEFC32CD45D8D00136348 /* FirebaseFirestoreCombine-Community in Frameworks */ = {isa = PBXBuildFile; productRef = 8EAFEFC22CD45D8D00136348 /* FirebaseFirestoreCombine-Community */; };
		8EAFEFC52CD45D8D00136348 /* FirebaseMessaging in Frameworks */ = {isa = PBXBuildFile; productRef = 8EAFEFC42CD45D8D00136348 /* FirebaseMessaging */; };
		8EAFEFC72CD45D8D00136348 /* FirebaseStorage in Frameworks */ = {isa = PBXBuildFile; productRef = 8EAFEFC62CD45D8D00136348 /* FirebaseStorage */; };
		8EAFEFC92CD45D8D00136348 /* FirebaseStorageCombine-Community in Frameworks */ = {isa = PBXBuildFile; productRef = 8EAFEFC82CD45D8D00136348 /* FirebaseStorageCombine-Community */; };
		8EAFEFCC2CD45DC600136348 /* GoogleSignIn in Frameworks */ = {isa = PBXBuildFile; productRef = 8EAFEFCB2CD45DC600136348 /* GoogleSignIn */; };
		8EAFEFCE2CD45DC600136348 /* GoogleSignInSwift in Frameworks */ = {isa = PBXBuildFile; productRef = 8EAFEFCD2CD45DC600136348 /* GoogleSignInSwift */; };
		8EAFEFD12CD45F0700136348 /* FirebaseCore in Frameworks */ = {isa = PBXBuildFile; productRef = 8EAFEFD02CD45F0700136348 /* FirebaseCore */; };
		8EAFEFD32CD45F5A00136348 /* FirebaseFunctions in Frameworks */ = {isa = PBXBuildFile; productRef = 8EAFEFD22CD45F5A00136348 /* FirebaseFunctions */; };
		8EAFEFD52CD45F5A00136348 /* FirebaseFunctionsCombine-Community in Frameworks */ = {isa = PBXBuildFile; productRef = 8EAFEFD42CD45F5A00136348 /* FirebaseFunctionsCombine-Community */; };
		8EAFF00F2CD4A31300136348 /* StoryStore.swift in Sources */ = {isa = PBXBuildFile; fileRef = 8EAFF00E2CD4A31300136348 /* StoryStore.swift */; };
		8EAFF0132CD4A33600136348 /* MessageView.swift in Sources */ = {isa = PBXBuildFile; fileRef = 8EAFF0122CD4A33600136348 /* MessageView.swift */; };
		8EAFF0152CD4A33E00136348 /* AlbumView.swift in Sources */ = {isa = PBXBuildFile; fileRef = 8EAFF0142CD4A33E00136348 /* AlbumView.swift */; };
		8EAFF0182CD4A36B00136348 /* AuthManager.swift in Sources */ = {isa = PBXBuildFile; fileRef = 8EAFF0172CD4A36B00136348 /* AuthManager.swift */; };
		8EAFF01A2CD4A37900136348 /* LoginView.swift in Sources */ = {isa = PBXBuildFile; fileRef = 8EAFF0192CD4A37900136348 /* LoginView.swift */; };
		8EC52DC22CE18FB900DC8190 /* Assets.xcassets in Resources */ = {isa = PBXBuildFile; fileRef = 8EC52DC12CE18FB900DC8190 /* Assets.xcassets */; };
		8EC52DD62CE19C8300DC8190 /* FriendsContentEmojiView.swift in Sources */ = {isa = PBXBuildFile; fileRef = 8EC52DD52CE19C8300DC8190 /* FriendsContentEmojiView.swift */; };
		8EC52DD82CE1C93C00DC8190 /* Utility.swift in Sources */ = {isa = PBXBuildFile; fileRef = 8EC52DD72CE1C93C00DC8190 /* Utility.swift */; };
		8EC52DDA2CE1DA3A00DC8190 /* MyContentsModalView.swift in Sources */ = {isa = PBXBuildFile; fileRef = 8EC52DD92CE1DA3A00DC8190 /* MyContentsModalView.swift */; };
		8EC52DDC2CE1E81D00DC8190 /* Constants.swift in Sources */ = {isa = PBXBuildFile; fileRef = 8EC52DDB2CE1E81D00DC8190 /* Constants.swift */; };
		8EE014412CE5D33D003151F8 /* WidgetKit.framework in Frameworks */ = {isa = PBXBuildFile; fileRef = 8EE014402CE5D33D003151F8 /* WidgetKit.framework */; };
		8EE014432CE5D33D003151F8 /* SwiftUI.framework in Frameworks */ = {isa = PBXBuildFile; fileRef = 8EE014422CE5D33D003151F8 /* SwiftUI.framework */; };
		8EE014522CE5D33E003151F8 /* AzitWidgetExtension.appex in Embed Foundation Extensions */ = {isa = PBXBuildFile; fileRef = 8EE0143F2CE5D33D003151F8 /* AzitWidgetExtension.appex */; settings = {ATTRIBUTES = (RemoveHeadersOnCopy, ); }; };
		8EE014592CE5D497003151F8 /* FirebaseAuth in Frameworks */ = {isa = PBXBuildFile; productRef = 8EE014582CE5D497003151F8 /* FirebaseAuth */; };
		8EE0145B2CE5D497003151F8 /* FirebaseAuthCombine-Community in Frameworks */ = {isa = PBXBuildFile; productRef = 8EE0145A2CE5D497003151F8 /* FirebaseAuthCombine-Community */; };
		8EE0145D2CE5D497003151F8 /* FirebaseCore in Frameworks */ = {isa = PBXBuildFile; productRef = 8EE0145C2CE5D497003151F8 /* FirebaseCore */; };
		8EE0145F2CE5D497003151F8 /* FirebaseDatabase in Frameworks */ = {isa = PBXBuildFile; productRef = 8EE0145E2CE5D497003151F8 /* FirebaseDatabase */; };
		8EE014612CE5D497003151F8 /* FirebaseFirestore in Frameworks */ = {isa = PBXBuildFile; productRef = 8EE014602CE5D497003151F8 /* FirebaseFirestore */; };
		8EE014632CE5D497003151F8 /* FirebaseFirestoreCombine-Community in Frameworks */ = {isa = PBXBuildFile; productRef = 8EE014622CE5D497003151F8 /* FirebaseFirestoreCombine-Community */; };
		8EE014652CE5D497003151F8 /* FirebaseFunctions in Frameworks */ = {isa = PBXBuildFile; productRef = 8EE014642CE5D497003151F8 /* FirebaseFunctions */; };
		8EE014672CE5D497003151F8 /* FirebaseFunctionsCombine-Community in Frameworks */ = {isa = PBXBuildFile; productRef = 8EE014662CE5D497003151F8 /* FirebaseFunctionsCombine-Community */; };
		8EE014692CE5D497003151F8 /* FirebaseStorage in Frameworks */ = {isa = PBXBuildFile; productRef = 8EE014682CE5D497003151F8 /* FirebaseStorage */; };
		8EE0146B2CE5D497003151F8 /* FirebaseStorageCombine-Community in Frameworks */ = {isa = PBXBuildFile; productRef = 8EE0146A2CE5D497003151F8 /* FirebaseStorageCombine-Community */; };
		8EE0146D2CE5D497003151F8 /* GoogleSignIn in Frameworks */ = {isa = PBXBuildFile; productRef = 8EE0146C2CE5D497003151F8 /* GoogleSignIn */; };
		8EE0146F2CE5D497003151F8 /* GoogleSignInSwift in Frameworks */ = {isa = PBXBuildFile; productRef = 8EE0146E2CE5D497003151F8 /* GoogleSignInSwift */; };
		8EE014702CE5D4C8003151F8 /* UserInfo.swift in Sources */ = {isa = PBXBuildFile; fileRef = 8EAFEFB12CD4580800136348 /* UserInfo.swift */; };
		8EE014712CE5D4CC003151F8 /* Story.swift in Sources */ = {isa = PBXBuildFile; fileRef = 8EAFEFB32CD4582200136348 /* Story.swift */; };
		8EE014722CE5D4D7003151F8 /* UserInfoStore.swift in Sources */ = {isa = PBXBuildFile; fileRef = EAF840732CD9B56200F23839 /* UserInfoStore.swift */; };
		8EE014732CE5D4DB003151F8 /* StoryStore.swift in Sources */ = {isa = PBXBuildFile; fileRef = 8EAFF00E2CD4A31300136348 /* StoryStore.swift */; };
		8EE014752CE5D6C9003151F8 /* AlbumStore.swift in Sources */ = {isa = PBXBuildFile; fileRef = CEDFC2ED2CE2EAB0008C215A /* AlbumStore.swift */; };
		8EE014762CE5D830003151F8 /* AuthManager.swift in Sources */ = {isa = PBXBuildFile; fileRef = 8EAFF0172CD4A36B00136348 /* AuthManager.swift */; };
		A7013EC02D0606E900AF0A43 /* EmojiTopView.swift in Sources */ = {isa = PBXBuildFile; fileRef = A7013EBF2D0606C500AF0A43 /* EmojiTopView.swift */; };
		CE062B9E2CD8DB8100CB5D4A /* ChatDetailViewStore.swift in Sources */ = {isa = PBXBuildFile; fileRef = CE062B9D2CD8DB8100CB5D4A /* ChatDetailViewStore.swift */; };
		CE062BAC2CD91E2B00CB5D4A /* PostMessageView.swift in Sources */ = {isa = PBXBuildFile; fileRef = CE062BAB2CD91E2500CB5D4A /* PostMessageView.swift */; };
		CE062BAE2CD91E6C00CB5D4A /* GetMessageView.swift in Sources */ = {isa = PBXBuildFile; fileRef = CE062BAD2CD91E6600CB5D4A /* GetMessageView.swift */; };
		CE062BB02CD91EEE00CB5D4A /* ChatRoomListView.swift in Sources */ = {isa = PBXBuildFile; fileRef = CE062BAF2CD91EE700CB5D4A /* ChatRoomListView.swift */; };
		CE0B24C02CEEC35A002FE86D /* Kingfisher in Frameworks */ = {isa = PBXBuildFile; productRef = CE0B24BF2CEEC35A002FE86D /* Kingfisher */; };
		CE374EAD2CD79F6300601AA7 /* ChatListStore.swift in Sources */ = {isa = PBXBuildFile; fileRef = CE374EAC2CD79F6300601AA7 /* ChatListStore.swift */; };
		CE3A16E22CD85A5B0045DB52 /* MessageDetailView.swift in Sources */ = {isa = PBXBuildFile; fileRef = CE3A16E12CD85A5B0045DB52 /* MessageDetailView.swift */; };
		CE4865752CF0280C00C30997 /* EditPhotoView.swift in Sources */ = {isa = PBXBuildFile; fileRef = CE4865742CF027F700C30997 /* EditPhotoView.swift */; };
		CE4865772CF03FAD00C30997 /* EditPhotoStore.swift in Sources */ = {isa = PBXBuildFile; fileRef = CE4865762CF03F9E00C30997 /* EditPhotoStore.swift */; };
		CE5574652CE4666600266EBD /* ProfileDetailView.swift in Sources */ = {isa = PBXBuildFile; fileRef = CE5574642CE4666600266EBD /* ProfileDetailView.swift */; };
		CE69CDCC2CE70C2800322E7A /* AlbumStoryImageView.swift in Sources */ = {isa = PBXBuildFile; fileRef = CE69CDCB2CE70C2800322E7A /* AlbumStoryImageView.swift */; };
		CE86A3B62CE6DFE2000B59B2 /* AlbumDetailView.swift in Sources */ = {isa = PBXBuildFile; fileRef = CE86A3B52CE6DFE2000B59B2 /* AlbumDetailView.swift */; };
		CE86A3B82CE6E1B4000B59B2 /* AlbumFriendListView.swift in Sources */ = {isa = PBXBuildFile; fileRef = CE86A3B72CE6E1B4000B59B2 /* AlbumFriendListView.swift */; };
		CE86A3BA2CE6E4C6000B59B2 /* AlbumScrollView.swift in Sources */ = {isa = PBXBuildFile; fileRef = CE86A3B92CE6E4C6000B59B2 /* AlbumScrollView.swift */; };
		CE89D79E2CDA8D1600DC73A8 /* EmojiPicker in Frameworks */ = {isa = PBXBuildFile; productRef = CE89D79D2CDA8D1600DC73A8 /* EmojiPicker */; };
		CE8A3BAD2CF35E2100DDA2E8 /* TextEditorView.swift in Sources */ = {isa = PBXBuildFile; fileRef = CE8A3BAC2CF35E2100DDA2E8 /* TextEditorView.swift */; };
		CE9443242CFECFB0005E5C5F /* GoogleService-Info.plist in Resources */ = {isa = PBXBuildFile; fileRef = CE9443232CFECFB0005E5C5F /* GoogleService-Info.plist */; };
		CE9443252CFECFB0005E5C5F /* GoogleService-Info.plist in Resources */ = {isa = PBXBuildFile; fileRef = CE9443232CFECFB0005E5C5F /* GoogleService-Info.plist */; };
		CE946B3D2CEC390400250F9E /* KeyboardObserver.swift in Sources */ = {isa = PBXBuildFile; fileRef = CE946B3C2CEC390400250F9E /* KeyboardObserver.swift */; };
		CE9BB1132CF40AF70048C755 /* AzitWidgetData.swift in Sources */ = {isa = PBXBuildFile; fileRef = 8E611FDE2CEC9E0D00DF40E4 /* AzitWidgetData.swift */; };
		CED22B1B2CEA33600075F56C /* AlertToast in Frameworks */ = {isa = PBXBuildFile; productRef = CED22B1A2CEA33600075F56C /* AlertToast */; };
		CEDFC2CE2CE1C814008C215A /* FriendSegmentView.swift in Sources */ = {isa = PBXBuildFile; fileRef = CEDFC2CD2CE1C814008C215A /* FriendSegmentView.swift */; };
		CEDFC2EE2CE2EAB0008C215A /* AlbumStore.swift in Sources */ = {isa = PBXBuildFile; fileRef = CEDFC2ED2CE2EAB0008C215A /* AlbumStore.swift */; };
		EA3137212CE3322000AA4685 /* QRCodeView.swift in Sources */ = {isa = PBXBuildFile; fileRef = EA3137202CE3322000AA4685 /* QRCodeView.swift */; };
		EA3F965E2CD8B19C009904C0 /* (null) in Sources */ = {isa = PBXBuildFile; };
		EAAABB662CE5E25F0003C250 /* QRCodeContent.swift in Sources */ = {isa = PBXBuildFile; fileRef = EAAABB652CE5E25F0003C250 /* QRCodeContent.swift */; };
		EAAABB6E2CE5ECD30003C250 /* QRShareSheet.swift in Sources */ = {isa = PBXBuildFile; fileRef = EAAABB6D2CE5ECD30003C250 /* QRShareSheet.swift */; };
		EAAABB762CE6D0CA0003C250 /* QRInvitation.swift in Sources */ = {isa = PBXBuildFile; fileRef = EAAABB752CE6D0CA0003C250 /* QRInvitation.swift */; };
		EAAABB782CE6D2BE0003C250 /* QR.swift in Sources */ = {isa = PBXBuildFile; fileRef = EAAABB772CE6D2BE0003C250 /* QR.swift */; };
		EAAABB7A2CE70BF40003C250 /* EditFriend.swift in Sources */ = {isa = PBXBuildFile; fileRef = EAAABB792CE70BF40003C250 /* EditFriend.swift */; };
		EAAABB9C2CE890AB0003C250 /* BlockedFriendView.swift in Sources */ = {isa = PBXBuildFile; fileRef = EAAABB9B2CE890AB0003C250 /* BlockedFriendView.swift */; };
		EAB079722CDDAED700293C62 /* SplashView.swift in Sources */ = {isa = PBXBuildFile; fileRef = EAB079712CDDAED700293C62 /* SplashView.swift */; };
		EAC5F7082CF43AF5005D1C8A /* FriendsStore.swift in Sources */ = {isa = PBXBuildFile; fileRef = EAC5F7072CF43AF5005D1C8A /* FriendsStore.swift */; };
		EACABF212CE30E760042340D /* AuthApple.swift in Sources */ = {isa = PBXBuildFile; fileRef = EACABF202CE30E760042340D /* AuthApple.swift */; };
		EAD18AE52CD6719600AF3013 /* LoginSubView.swift in Sources */ = {isa = PBXBuildFile; fileRef = EAD18AE42CD6719600AF3013 /* LoginSubView.swift */; };
		EAF3D1022CEDA31800ABCB4F /* sendNotificationToServer.swift in Sources */ = {isa = PBXBuildFile; fileRef = EAF3D1012CEDA31800ABCB4F /* sendNotificationToServer.swift */; };
		EAF840742CD9B56200F23839 /* UserInfoStore.swift in Sources */ = {isa = PBXBuildFile; fileRef = EAF840732CD9B56200F23839 /* UserInfoStore.swift */; };
		EAF840B32CD9FA0E00F23839 /* MyPageView.swift in Sources */ = {isa = PBXBuildFile; fileRef = EAF840B22CD9FA0E00F23839 /* MyPageView.swift */; };
		EAF8BB1B2CDB368F00B67AAF /* EditProfileView.swift in Sources */ = {isa = PBXBuildFile; fileRef = EAF8BB1A2CDB368F00B67AAF /* EditProfileView.swift */; };
		EAF93B852CD4A4D600116035 /* AuthManager+Email.swift in Sources */ = {isa = PBXBuildFile; fileRef = EAF93B842CD4A4D600116035 /* AuthManager+Email.swift */; };
		EAF93B872CD4A4DC00116035 /* AuthManager+Google.swift in Sources */ = {isa = PBXBuildFile; fileRef = EAF93B862CD4A4DC00116035 /* AuthManager+Google.swift */; };
		EAF93B8E2CD4A50700116035 /* AuthView.swift in Sources */ = {isa = PBXBuildFile; fileRef = EAF93B8C2CD4A50700116035 /* AuthView.swift */; };
		EAF93B8F2CD4A50700116035 /* SignupView.swift in Sources */ = {isa = PBXBuildFile; fileRef = EAF93B8D2CD4A50700116035 /* SignupView.swift */; };
/* End PBXBuildFile section */

/* Begin PBXContainerItemProxy section */
		8EAFEF872CD4524600136348 /* PBXContainerItemProxy */ = {
			isa = PBXContainerItemProxy;
			containerPortal = 8EAFEF6E2CD4524500136348 /* Project object */;
			proxyType = 1;
			remoteGlobalIDString = 8EAFEF752CD4524500136348;
			remoteInfo = Azit;
		};
		8EAFEF912CD4524600136348 /* PBXContainerItemProxy */ = {
			isa = PBXContainerItemProxy;
			containerPortal = 8EAFEF6E2CD4524500136348 /* Project object */;
			proxyType = 1;
			remoteGlobalIDString = 8EAFEF752CD4524500136348;
			remoteInfo = Azit;
		};
		8EE014502CE5D33E003151F8 /* PBXContainerItemProxy */ = {
			isa = PBXContainerItemProxy;
			containerPortal = 8EAFEF6E2CD4524500136348 /* Project object */;
			proxyType = 1;
			remoteGlobalIDString = 8EE0143E2CE5D33D003151F8;
			remoteInfo = AzitWidgetExtension;
		};
/* End PBXContainerItemProxy section */

/* Begin PBXCopyFilesBuildPhase section */
		8EE014532CE5D33E003151F8 /* Embed Foundation Extensions */ = {
			isa = PBXCopyFilesBuildPhase;
			buildActionMask = 2147483647;
			dstPath = "";
			dstSubfolderSpec = 13;
			files = (
				8EE014522CE5D33E003151F8 /* AzitWidgetExtension.appex in Embed Foundation Extensions */,
			);
			name = "Embed Foundation Extensions";
			runOnlyForDeploymentPostprocessing = 0;
		};
/* End PBXCopyFilesBuildPhase section */

/* Begin PBXFileReference section */
		8B0679F02CE20C2D00ABD942 /* LocationManager.swift */ = {isa = PBXFileReference; lastKnownFileType = sourcecode.swift; path = LocationManager.swift; sourceTree = "<group>"; };
		8B0679F22CE2376600ABD942 /* CoreLocation.framework */ = {isa = PBXFileReference; lastKnownFileType = wrapper.framework; name = CoreLocation.framework; path = System/Library/Frameworks/CoreLocation.framework; sourceTree = SDKROOT; };
		8B067A022CE45A5C00ABD942 /* PhotoImageStore.swift */ = {isa = PBXFileReference; lastKnownFileType = sourcecode.swift; path = PhotoImageStore.swift; sourceTree = "<group>"; };
		8B2FC1BA2CEDC5A70078443F /* TwemojiHelper.swift */ = {isa = PBXFileReference; lastKnownFileType = sourcecode.swift; path = TwemojiHelper.swift; sourceTree = "<group>"; };
		8B2FC1BC2CEDD1B30078443F /* icons.json */ = {isa = PBXFileReference; lastKnownFileType = text.json; path = icons.json; sourceTree = "<group>"; };
		8B2FC1C32CEE47C90078443F /* Emoji.swift */ = {isa = PBXFileReference; lastKnownFileType = sourcecode.swift; path = Emoji.swift; sourceTree = "<group>"; };
		8B2FC1C62CEE48000078443F /* EmojiProvider.swift */ = {isa = PBXFileReference; lastKnownFileType = sourcecode.swift; path = EmojiProvider.swift; sourceTree = "<group>"; };
		8B2FC1C82CEE4CD90078443F /* chars.json */ = {isa = PBXFileReference; lastKnownFileType = text.json; path = chars.json; sourceTree = "<group>"; };
		8B2FC1CA2CEE57560078443F /* metadata.json */ = {isa = PBXFileReference; lastKnownFileType = text.json; path = metadata.json; sourceTree = "<group>"; };
		8B3FE8AD2CD9E239000A4519 /* EmojiView.swift */ = {isa = PBXFileReference; lastKnownFileType = sourcecode.swift; path = EmojiView.swift; sourceTree = "<group>"; };
		8BA5D4A12CDAFC7500B03843 /* SearchView.swift */ = {isa = PBXFileReference; lastKnownFileType = sourcecode.swift; path = SearchView.swift; sourceTree = "<group>"; };
		8BA5D4B32CDD3A6D00B03843 /* EditStoryView.swift */ = {isa = PBXFileReference; lastKnownFileType = sourcecode.swift; path = EditStoryView.swift; sourceTree = "<group>"; };
		8BCB839F2CDA2A3300C49011 /* PublishScopeView.swift */ = {isa = PBXFileReference; lastKnownFileType = sourcecode.swift; path = PublishScopeView.swift; sourceTree = "<group>"; };
		8BD71F7D2CD4BB1A0030693B /* TakePhotoView.swift */ = {isa = PBXFileReference; lastKnownFileType = sourcecode.swift; path = TakePhotoView.swift; sourceTree = "<group>"; };
		8BD71F7F2CD89A860030693B /* CameraPreview.swift */ = {isa = PBXFileReference; lastKnownFileType = sourcecode.swift; path = CameraPreview.swift; sourceTree = "<group>"; };
		8BD71F812CD89ABD0030693B /* CameraService.swift */ = {isa = PBXFileReference; lastKnownFileType = sourcecode.swift; path = CameraService.swift; sourceTree = "<group>"; };
		8BD71F832CD89AE90030693B /* PhotoPicker.swift */ = {isa = PBXFileReference; lastKnownFileType = sourcecode.swift; path = PhotoPicker.swift; sourceTree = "<group>"; };
		8BD71F872CD8C62B0030693B /* UploadPhotoStoryView.swift */ = {isa = PBXFileReference; lastKnownFileType = sourcecode.swift; path = UploadPhotoStoryView.swift; sourceTree = "<group>"; };
		8BDA11D42CDA7696004242DB /* EmojiPickerView.swift */ = {isa = PBXFileReference; lastKnownFileType = sourcecode.swift; path = EmojiPickerView.swift; sourceTree = "<group>"; };
		8BE42D3F2CF0B8B600AB21F4 /* BlurView.swift */ = {isa = PBXFileReference; lastKnownFileType = sourcecode.swift; path = BlurView.swift; sourceTree = "<group>"; };
		8BE42D412CF0B8C300AB21F4 /* BlurView.swift */ = {isa = PBXFileReference; lastKnownFileType = sourcecode.swift; path = BlurView.swift; sourceTree = "<group>"; };
		8BE42D512CF1B0D800AB21F4 /* FilterButtons.swift */ = {isa = PBXFileReference; lastKnownFileType = sourcecode.swift; path = FilterButtons.swift; sourceTree = "<group>"; };
		8E42C9FA2CE6E5270006CAA5 /* Info.plist */ = {isa = PBXFileReference; lastKnownFileType = text.plist.xml; path = Info.plist; sourceTree = "<group>"; };
		8E538EE02CD844700094ABD1 /* RotationView.swift */ = {isa = PBXFileReference; lastKnownFileType = sourcecode.swift; path = RotationView.swift; sourceTree = "<group>"; };
		8E538EE22CD844A50094ABD1 /* FriendsContentsModalView.swift */ = {isa = PBXFileReference; lastKnownFileType = sourcecode.swift; path = FriendsContentsModalView.swift; sourceTree = "<group>"; };
		8E611FDE2CEC9E0D00DF40E4 /* AzitWidgetData.swift */ = {isa = PBXFileReference; lastKnownFileType = sourcecode.swift; path = AzitWidgetData.swift; sourceTree = "<group>"; };
		8E645D542CE4784F00F43836 /* MyContentEmojiView.swift */ = {isa = PBXFileReference; lastKnownFileType = sourcecode.swift; path = MyContentEmojiView.swift; sourceTree = "<group>"; };
		8E645D582CE47C0700F43836 /* AzitExtension.swift */ = {isa = PBXFileReference; lastKnownFileType = sourcecode.swift; path = AzitExtension.swift; sourceTree = "<group>"; };
		8E71EF0C2CE2DF0D00BA8F33 /* MainTopView.swift */ = {isa = PBXFileReference; lastKnownFileType = sourcecode.swift; path = MainTopView.swift; sourceTree = "<group>"; };
		8E71EF722CE2E27500BA8F33 /* MapContentEmojiView.swift */ = {isa = PBXFileReference; lastKnownFileType = sourcecode.swift; path = MapContentEmojiView.swift; sourceTree = "<group>"; };
		8E71EF762CE2E46200BA8F33 /* EllipsesView.swift */ = {isa = PBXFileReference; lastKnownFileType = sourcecode.swift; path = EllipsesView.swift; sourceTree = "<group>"; };
		8E71EF782CE2ECAE00BA8F33 /* StoryContentsView.swift */ = {isa = PBXFileReference; lastKnownFileType = sourcecode.swift; path = StoryContentsView.swift; sourceTree = "<group>"; };
		8E71EF7A2CE2EE8D00BA8F33 /* ContentsModalTopView.swift */ = {isa = PBXFileReference; lastKnownFileType = sourcecode.swift; path = ContentsModalTopView.swift; sourceTree = "<group>"; };
		8E71EF7C2CE2F59000BA8F33 /* ModalIdentificationView.swift */ = {isa = PBXFileReference; lastKnownFileType = sourcecode.swift; path = ModalIdentificationView.swift; sourceTree = "<group>"; };
		8E71EFE62CE348CA00BA8F33 /* LikesSheetView.swift */ = {isa = PBXFileReference; lastKnownFileType = sourcecode.swift; path = LikesSheetView.swift; sourceTree = "<group>"; };
		8E863A452CF03F8300057FF8 /* RotationBar.swift */ = {isa = PBXFileReference; lastKnownFileType = sourcecode.swift; path = RotationBar.swift; sourceTree = "<group>"; };
		8E863A472CF0513E00057FF8 /* SwipeNavigationView.swift */ = {isa = PBXFileReference; lastKnownFileType = sourcecode.swift; path = SwipeNavigationView.swift; sourceTree = "<group>"; };
		8E9402602CDAE99E0005C2BB /* MapView.swift */ = {isa = PBXFileReference; lastKnownFileType = sourcecode.swift; path = MapView.swift; sourceTree = "<group>"; };
		8EAFEF762CD4524500136348 /* Azit.app */ = {isa = PBXFileReference; explicitFileType = wrapper.application; includeInIndex = 0; path = Azit.app; sourceTree = BUILT_PRODUCTS_DIR; };
		8EAFEF862CD4524600136348 /* AzitTests.xctest */ = {isa = PBXFileReference; explicitFileType = wrapper.cfbundle; includeInIndex = 0; path = AzitTests.xctest; sourceTree = BUILT_PRODUCTS_DIR; };
		8EAFEF902CD4524600136348 /* AzitUITests.xctest */ = {isa = PBXFileReference; explicitFileType = wrapper.cfbundle; includeInIndex = 0; path = AzitUITests.xctest; sourceTree = BUILT_PRODUCTS_DIR; };
		8EAFEFA32CD4528E00136348 /* Preview Assets.xcassets */ = {isa = PBXFileReference; lastKnownFileType = folder.assetcatalog; path = "Preview Assets.xcassets"; sourceTree = "<group>"; };
		8EAFEFA62CD4528E00136348 /* AzitApp.swift */ = {isa = PBXFileReference; lastKnownFileType = sourcecode.swift; path = AzitApp.swift; sourceTree = "<group>"; };
		8EAFEFA72CD4528E00136348 /* MainView.swift */ = {isa = PBXFileReference; lastKnownFileType = sourcecode.swift; path = MainView.swift; sourceTree = "<group>"; };
		8EAFEFB12CD4580800136348 /* UserInfo.swift */ = {isa = PBXFileReference; lastKnownFileType = sourcecode.swift; path = UserInfo.swift; sourceTree = "<group>"; };
		8EAFEFB32CD4582200136348 /* Story.swift */ = {isa = PBXFileReference; lastKnownFileType = sourcecode.swift; path = Story.swift; sourceTree = "<group>"; };
		8EAFEFB52CD45CB100136348 /* Chat.swift */ = {isa = PBXFileReference; lastKnownFileType = sourcecode.swift; path = Chat.swift; sourceTree = "<group>"; };
		8EAFEFB72CD45CCE00136348 /* ChatRoom.swift */ = {isa = PBXFileReference; lastKnownFileType = sourcecode.swift; path = ChatRoom.swift; sourceTree = "<group>"; };
		8EAFF00E2CD4A31300136348 /* StoryStore.swift */ = {isa = PBXFileReference; lastKnownFileType = sourcecode.swift; path = StoryStore.swift; sourceTree = "<group>"; };
		8EAFF0122CD4A33600136348 /* MessageView.swift */ = {isa = PBXFileReference; lastKnownFileType = sourcecode.swift; path = MessageView.swift; sourceTree = "<group>"; };
		8EAFF0142CD4A33E00136348 /* AlbumView.swift */ = {isa = PBXFileReference; lastKnownFileType = sourcecode.swift; path = AlbumView.swift; sourceTree = "<group>"; };
		8EAFF0172CD4A36B00136348 /* AuthManager.swift */ = {isa = PBXFileReference; lastKnownFileType = sourcecode.swift; path = AuthManager.swift; sourceTree = "<group>"; };
		8EAFF0192CD4A37900136348 /* LoginView.swift */ = {isa = PBXFileReference; lastKnownFileType = sourcecode.swift; path = LoginView.swift; sourceTree = "<group>"; };
		8EC52DC12CE18FB900DC8190 /* Assets.xcassets */ = {isa = PBXFileReference; lastKnownFileType = folder.assetcatalog; path = Assets.xcassets; sourceTree = "<group>"; };
		8EC52DD52CE19C8300DC8190 /* FriendsContentEmojiView.swift */ = {isa = PBXFileReference; lastKnownFileType = sourcecode.swift; path = FriendsContentEmojiView.swift; sourceTree = "<group>"; };
		8EC52DD72CE1C93C00DC8190 /* Utility.swift */ = {isa = PBXFileReference; lastKnownFileType = sourcecode.swift; path = Utility.swift; sourceTree = "<group>"; };
		8EC52DD92CE1DA3A00DC8190 /* MyContentsModalView.swift */ = {isa = PBXFileReference; lastKnownFileType = sourcecode.swift; path = MyContentsModalView.swift; sourceTree = "<group>"; };
		8EC52DDB2CE1E81D00DC8190 /* Constants.swift */ = {isa = PBXFileReference; lastKnownFileType = sourcecode.swift; path = Constants.swift; sourceTree = "<group>"; };
		8EE0143F2CE5D33D003151F8 /* AzitWidgetExtension.appex */ = {isa = PBXFileReference; explicitFileType = "wrapper.app-extension"; includeInIndex = 0; path = AzitWidgetExtension.appex; sourceTree = BUILT_PRODUCTS_DIR; };
		8EE014402CE5D33D003151F8 /* WidgetKit.framework */ = {isa = PBXFileReference; lastKnownFileType = wrapper.framework; name = WidgetKit.framework; path = System/Library/Frameworks/WidgetKit.framework; sourceTree = SDKROOT; };
		8EE014422CE5D33D003151F8 /* SwiftUI.framework */ = {isa = PBXFileReference; lastKnownFileType = wrapper.framework; name = SwiftUI.framework; path = System/Library/Frameworks/SwiftUI.framework; sourceTree = SDKROOT; };
		8EE014742CE5D4EE003151F8 /* AzitWidgetExtension.entitlements */ = {isa = PBXFileReference; lastKnownFileType = text.plist.entitlements; path = AzitWidgetExtension.entitlements; sourceTree = "<group>"; };
		A7013EBF2D0606C500AF0A43 /* EmojiTopView.swift */ = {isa = PBXFileReference; lastKnownFileType = sourcecode.swift; path = EmojiTopView.swift; sourceTree = "<group>"; };
		CE062B9D2CD8DB8100CB5D4A /* ChatDetailViewStore.swift */ = {isa = PBXFileReference; lastKnownFileType = sourcecode.swift; path = ChatDetailViewStore.swift; sourceTree = "<group>"; };
		CE062BAB2CD91E2500CB5D4A /* PostMessageView.swift */ = {isa = PBXFileReference; lastKnownFileType = sourcecode.swift; path = PostMessageView.swift; sourceTree = "<group>"; };
		CE062BAD2CD91E6600CB5D4A /* GetMessageView.swift */ = {isa = PBXFileReference; lastKnownFileType = sourcecode.swift; path = GetMessageView.swift; sourceTree = "<group>"; };
		CE062BAF2CD91EE700CB5D4A /* ChatRoomListView.swift */ = {isa = PBXFileReference; lastKnownFileType = sourcecode.swift; path = ChatRoomListView.swift; sourceTree = "<group>"; };
		CE374EAC2CD79F6300601AA7 /* ChatListStore.swift */ = {isa = PBXFileReference; lastKnownFileType = sourcecode.swift; path = ChatListStore.swift; sourceTree = "<group>"; };
		CE3A16E12CD85A5B0045DB52 /* MessageDetailView.swift */ = {isa = PBXFileReference; lastKnownFileType = sourcecode.swift; path = MessageDetailView.swift; sourceTree = "<group>"; };
		CE4865742CF027F700C30997 /* EditPhotoView.swift */ = {isa = PBXFileReference; lastKnownFileType = sourcecode.swift; path = EditPhotoView.swift; sourceTree = "<group>"; };
		CE4865762CF03F9E00C30997 /* EditPhotoStore.swift */ = {isa = PBXFileReference; lastKnownFileType = sourcecode.swift; path = EditPhotoStore.swift; sourceTree = "<group>"; };
		CE5574642CE4666600266EBD /* ProfileDetailView.swift */ = {isa = PBXFileReference; lastKnownFileType = sourcecode.swift; path = ProfileDetailView.swift; sourceTree = "<group>"; };
		CE69CDCB2CE70C2800322E7A /* AlbumStoryImageView.swift */ = {isa = PBXFileReference; lastKnownFileType = sourcecode.swift; path = AlbumStoryImageView.swift; sourceTree = "<group>"; };
		CE86A3B52CE6DFE2000B59B2 /* AlbumDetailView.swift */ = {isa = PBXFileReference; lastKnownFileType = sourcecode.swift; path = AlbumDetailView.swift; sourceTree = "<group>"; };
		CE86A3B72CE6E1B4000B59B2 /* AlbumFriendListView.swift */ = {isa = PBXFileReference; lastKnownFileType = sourcecode.swift; path = AlbumFriendListView.swift; sourceTree = "<group>"; };
		CE86A3B92CE6E4C6000B59B2 /* AlbumScrollView.swift */ = {isa = PBXFileReference; lastKnownFileType = sourcecode.swift; path = AlbumScrollView.swift; sourceTree = "<group>"; };
		CE8A3BAC2CF35E2100DDA2E8 /* TextEditorView.swift */ = {isa = PBXFileReference; lastKnownFileType = sourcecode.swift; path = TextEditorView.swift; sourceTree = "<group>"; };
		CE9443232CFECFB0005E5C5F /* GoogleService-Info.plist */ = {isa = PBXFileReference; lastKnownFileType = text.plist.xml; path = "GoogleService-Info.plist"; sourceTree = "<group>"; };
		CE946B3C2CEC390400250F9E /* KeyboardObserver.swift */ = {isa = PBXFileReference; lastKnownFileType = sourcecode.swift; path = KeyboardObserver.swift; sourceTree = "<group>"; };
		CEDFC2CD2CE1C814008C215A /* FriendSegmentView.swift */ = {isa = PBXFileReference; lastKnownFileType = sourcecode.swift; path = FriendSegmentView.swift; sourceTree = "<group>"; };
		CEDFC2ED2CE2EAB0008C215A /* AlbumStore.swift */ = {isa = PBXFileReference; lastKnownFileType = sourcecode.swift; path = AlbumStore.swift; sourceTree = "<group>"; };
		EA31371F2CE331AA00AA4685 /* Azit.entitlements */ = {isa = PBXFileReference; lastKnownFileType = text.plist.entitlements; path = Azit.entitlements; sourceTree = "<group>"; };
		EA3137202CE3322000AA4685 /* QRCodeView.swift */ = {isa = PBXFileReference; lastKnownFileType = sourcecode.swift; path = QRCodeView.swift; sourceTree = "<group>"; };
		EAAABB652CE5E25F0003C250 /* QRCodeContent.swift */ = {isa = PBXFileReference; lastKnownFileType = sourcecode.swift; path = QRCodeContent.swift; sourceTree = "<group>"; };
		EAAABB6D2CE5ECD30003C250 /* QRShareSheet.swift */ = {isa = PBXFileReference; lastKnownFileType = sourcecode.swift; path = QRShareSheet.swift; sourceTree = "<group>"; };
		EAAABB752CE6D0CA0003C250 /* QRInvitation.swift */ = {isa = PBXFileReference; lastKnownFileType = sourcecode.swift; path = QRInvitation.swift; sourceTree = "<group>"; };
		EAAABB772CE6D2BE0003C250 /* QR.swift */ = {isa = PBXFileReference; lastKnownFileType = sourcecode.swift; path = QR.swift; sourceTree = "<group>"; };
		EAAABB792CE70BF40003C250 /* EditFriend.swift */ = {isa = PBXFileReference; lastKnownFileType = sourcecode.swift; path = EditFriend.swift; sourceTree = "<group>"; };
		EAAABB9B2CE890AB0003C250 /* BlockedFriendView.swift */ = {isa = PBXFileReference; lastKnownFileType = sourcecode.swift; path = BlockedFriendView.swift; sourceTree = "<group>"; };
		EAB079712CDDAED700293C62 /* SplashView.swift */ = {isa = PBXFileReference; lastKnownFileType = sourcecode.swift; path = SplashView.swift; sourceTree = "<group>"; };
		EAC5F7072CF43AF5005D1C8A /* FriendsStore.swift */ = {isa = PBXFileReference; lastKnownFileType = sourcecode.swift; path = FriendsStore.swift; sourceTree = "<group>"; };
		EACABF202CE30E760042340D /* AuthApple.swift */ = {isa = PBXFileReference; lastKnownFileType = sourcecode.swift; path = AuthApple.swift; sourceTree = "<group>"; };
		EAD18AE42CD6719600AF3013 /* LoginSubView.swift */ = {isa = PBXFileReference; lastKnownFileType = sourcecode.swift; path = LoginSubView.swift; sourceTree = "<group>"; };
		EAF3D1012CEDA31800ABCB4F /* sendNotificationToServer.swift */ = {isa = PBXFileReference; lastKnownFileType = sourcecode.swift; path = sendNotificationToServer.swift; sourceTree = "<group>"; };
		EAF840732CD9B56200F23839 /* UserInfoStore.swift */ = {isa = PBXFileReference; lastKnownFileType = sourcecode.swift; path = UserInfoStore.swift; sourceTree = "<group>"; };
		EAF840B22CD9FA0E00F23839 /* MyPageView.swift */ = {isa = PBXFileReference; lastKnownFileType = sourcecode.swift; path = MyPageView.swift; sourceTree = "<group>"; };
		EAF8BB1A2CDB368F00B67AAF /* EditProfileView.swift */ = {isa = PBXFileReference; lastKnownFileType = sourcecode.swift; path = EditProfileView.swift; sourceTree = "<group>"; };
		EAF93B842CD4A4D600116035 /* AuthManager+Email.swift */ = {isa = PBXFileReference; lastKnownFileType = sourcecode.swift; path = "AuthManager+Email.swift"; sourceTree = "<group>"; };
		EAF93B862CD4A4DC00116035 /* AuthManager+Google.swift */ = {isa = PBXFileReference; lastKnownFileType = sourcecode.swift; path = "AuthManager+Google.swift"; sourceTree = "<group>"; };
		EAF93B8C2CD4A50700116035 /* AuthView.swift */ = {isa = PBXFileReference; lastKnownFileType = sourcecode.swift; path = AuthView.swift; sourceTree = "<group>"; };
		EAF93B8D2CD4A50700116035 /* SignupView.swift */ = {isa = PBXFileReference; lastKnownFileType = sourcecode.swift; path = SignupView.swift; sourceTree = "<group>"; };
/* End PBXFileReference section */

/* Begin PBXFileSystemSynchronizedBuildFileExceptionSet section */
		8EE014562CE5D33E003151F8 /* Exceptions for "AzitWidget" folder in "AzitWidgetExtension" target */ = {
			isa = PBXFileSystemSynchronizedBuildFileExceptionSet;
			membershipExceptions = (
				Info.plist,
			);
			target = 8EE0143E2CE5D33D003151F8 /* AzitWidgetExtension */;
		};
/* End PBXFileSystemSynchronizedBuildFileExceptionSet section */

/* Begin PBXFileSystemSynchronizedRootGroup section */
		8EAFEF892CD4524600136348 /* AzitTests */ = {
			isa = PBXFileSystemSynchronizedRootGroup;
			path = AzitTests;
			sourceTree = "<group>";
		};
		8EAFEF932CD4524600136348 /* AzitUITests */ = {
			isa = PBXFileSystemSynchronizedRootGroup;
			path = AzitUITests;
			sourceTree = "<group>";
		};
		8EAFEFB02CD4571D00136348 /* Fonts */ = {
			isa = PBXFileSystemSynchronizedRootGroup;
			path = Fonts;
			sourceTree = "<group>";
		};
		8EE014442CE5D33D003151F8 /* AzitWidget */ = {
			isa = PBXFileSystemSynchronizedRootGroup;
			exceptions = (
				8EE014562CE5D33E003151F8 /* Exceptions for "AzitWidget" folder in "AzitWidgetExtension" target */,
			);
			path = AzitWidget;
			sourceTree = "<group>";
		};
/* End PBXFileSystemSynchronizedRootGroup section */

/* Begin PBXFrameworksBuildPhase section */
		8EAFEF732CD4524500136348 /* Frameworks */ = {
			isa = PBXFrameworksBuildPhase;
			buildActionMask = 2147483647;
			files = (
				8EAFEFC52CD45D8D00136348 /* FirebaseMessaging in Frameworks */,
				CE89D79E2CDA8D1600DC73A8 /* EmojiPicker in Frameworks */,
				8EAFEFBF2CD45D8D00136348 /* FirebaseDatabase in Frameworks */,
				8EAFEFD12CD45F0700136348 /* FirebaseCore in Frameworks */,
				8EAFEFD32CD45F5A00136348 /* FirebaseFunctions in Frameworks */,
				8EAFEFC92CD45D8D00136348 /* FirebaseStorageCombine-Community in Frameworks */,
				8B0679F32CE2376600ABD942 /* CoreLocation.framework in Frameworks */,
				8EAFEFC12CD45D8D00136348 /* FirebaseFirestore in Frameworks */,
				8EAFEFBB2CD45D8D00136348 /* FirebaseAuth in Frameworks */,
				8EAFEFCE2CD45DC600136348 /* GoogleSignInSwift in Frameworks */,
				8EAFEFD52CD45F5A00136348 /* FirebaseFunctionsCombine-Community in Frameworks */,
				8EAFEFC72CD45D8D00136348 /* FirebaseStorage in Frameworks */,
				8EAFEFC32CD45D8D00136348 /* FirebaseFirestoreCombine-Community in Frameworks */,
				CED22B1B2CEA33600075F56C /* AlertToast in Frameworks */,
				8BE42D552CF1B23200AB21F4 /* OrderedCollections in Frameworks */,
				8B2FC1C22CEE45B20078443F /* Kingfisher in Frameworks */,
				8EAFEFBD2CD45D8D00136348 /* FirebaseAuthCombine-Community in Frameworks */,
				8EAFEFCC2CD45DC600136348 /* GoogleSignIn in Frameworks */,
			);
			runOnlyForDeploymentPostprocessing = 0;
		};
		8EAFEF832CD4524600136348 /* Frameworks */ = {
			isa = PBXFrameworksBuildPhase;
			buildActionMask = 2147483647;
			files = (
			);
			runOnlyForDeploymentPostprocessing = 0;
		};
		8EAFEF8D2CD4524600136348 /* Frameworks */ = {
			isa = PBXFrameworksBuildPhase;
			buildActionMask = 2147483647;
			files = (
			);
			runOnlyForDeploymentPostprocessing = 0;
		};
		8EE0143C2CE5D33D003151F8 /* Frameworks */ = {
			isa = PBXFrameworksBuildPhase;
			buildActionMask = 2147483647;
			files = (
				8EE0145F2CE5D497003151F8 /* FirebaseDatabase in Frameworks */,
				8EE014632CE5D497003151F8 /* FirebaseFirestoreCombine-Community in Frameworks */,
				8EE014432CE5D33D003151F8 /* SwiftUI.framework in Frameworks */,
				8EE0146D2CE5D497003151F8 /* GoogleSignIn in Frameworks */,
				8EE014672CE5D497003151F8 /* FirebaseFunctionsCombine-Community in Frameworks */,
				8EE014652CE5D497003151F8 /* FirebaseFunctions in Frameworks */,
				8EE0145D2CE5D497003151F8 /* FirebaseCore in Frameworks */,
				8EE014592CE5D497003151F8 /* FirebaseAuth in Frameworks */,
				8EE014412CE5D33D003151F8 /* WidgetKit.framework in Frameworks */,
				CE0B24C02CEEC35A002FE86D /* Kingfisher in Frameworks */,
				8EE0146F2CE5D497003151F8 /* GoogleSignInSwift in Frameworks */,
				8EE014692CE5D497003151F8 /* FirebaseStorage in Frameworks */,
				8EE0145B2CE5D497003151F8 /* FirebaseAuthCombine-Community in Frameworks */,
				8EE0146B2CE5D497003151F8 /* FirebaseStorageCombine-Community in Frameworks */,
				8EE014612CE5D497003151F8 /* FirebaseFirestore in Frameworks */,
			);
			runOnlyForDeploymentPostprocessing = 0;
		};
/* End PBXFrameworksBuildPhase section */

/* Begin PBXGroup section */
		8E645D562CE47BDA00F43836 /* Utility */ = {
			isa = PBXGroup;
			children = (
				8EC52DD72CE1C93C00DC8190 /* Utility.swift */,
			);
			path = Utility;
			sourceTree = "<group>";
		};
		8E645D572CE47BE900F43836 /* Extension */ = {
			isa = PBXGroup;
			children = (
				8E645D582CE47C0700F43836 /* AzitExtension.swift */,
			);
			path = Extension;
			sourceTree = "<group>";
		};
		8E645D5A2CE47C1200F43836 /* Constants */ = {
			isa = PBXGroup;
			children = (
				8EC52DDB2CE1E81D00DC8190 /* Constants.swift */,
				CE946B3C2CEC390400250F9E /* KeyboardObserver.swift */,
			);
			path = Constants;
			sourceTree = "<group>";
		};
		8E645D5B2CE484AC00F43836 /* PhotoUpload */ = {
			isa = PBXGroup;
			children = (
				CE4865742CF027F700C30997 /* EditPhotoView.swift */,
				8BD71F7D2CD4BB1A0030693B /* TakePhotoView.swift */,
				8BD71F7F2CD89A860030693B /* CameraPreview.swift */,
				8BD71F832CD89AE90030693B /* PhotoPicker.swift */,
				8BD71F872CD8C62B0030693B /* UploadPhotoStoryView.swift */,
				CE8A3BAC2CF35E2100DDA2E8 /* TextEditorView.swift */,
			);
			path = PhotoUpload;
			sourceTree = "<group>";
		};
		8E645D5D2CE484DF00F43836 /* EmojiUpload */ = {
			isa = PBXGroup;
			children = (
				8BA5D4B32CDD3A6D00B03843 /* EditStoryView.swift */,
				8BDA11D42CDA7696004242DB /* EmojiPickerView.swift */,
				8B3FE8AD2CD9E239000A4519 /* EmojiView.swift */,
				A7013EBF2D0606C500AF0A43 /* EmojiTopView.swift */,
				8BCB839F2CDA2A3300C49011 /* PublishScopeView.swift */,
				8BA5D4A12CDAFC7500B03843 /* SearchView.swift */,
			);
			path = EmojiUpload;
			sourceTree = "<group>";
		};
		8E645D5F2CE4859900F43836 /* EmojiViews */ = {
			isa = PBXGroup;
			children = (
				8E645D542CE4784F00F43836 /* MyContentEmojiView.swift */,
				8EC52DD52CE19C8300DC8190 /* FriendsContentEmojiView.swift */,
			);
			path = EmojiViews;
			sourceTree = "<group>";
		};
		8E645D602CE485A900F43836 /* ModalViews */ = {
			isa = PBXGroup;
			children = (
				8EC52DD92CE1DA3A00DC8190 /* MyContentsModalView.swift */,
				8E538EE22CD844A50094ABD1 /* FriendsContentsModalView.swift */,
				8E71EF7C2CE2F59000BA8F33 /* ModalIdentificationView.swift */,
				8E71EFE62CE348CA00BA8F33 /* LikesSheetView.swift */,
				8E71EF7A2CE2EE8D00BA8F33 /* ContentsModalTopView.swift */,
				8E71EF782CE2ECAE00BA8F33 /* StoryContentsView.swift */,
			);
			path = ModalViews;
			sourceTree = "<group>";
		};
		8E645D612CE485D500F43836 /* MapViews */ = {
			isa = PBXGroup;
			children = (
				8E9402602CDAE99E0005C2BB /* MapView.swift */,
				8E71EF722CE2E27500BA8F33 /* MapContentEmojiView.swift */,
			);
			path = MapViews;
			sourceTree = "<group>";
		};
		8E645D622CE485E400F43836 /* MainViews */ = {
			isa = PBXGroup;
			children = (
				8EAFEFA72CD4528E00136348 /* MainView.swift */,
				8E71EF0C2CE2DF0D00BA8F33 /* MainTopView.swift */,
				8E538EE02CD844700094ABD1 /* RotationView.swift */,
				8E71EF762CE2E46200BA8F33 /* EllipsesView.swift */,
				8E863A452CF03F8300057FF8 /* RotationBar.swift */,
				8E863A472CF0513E00057FF8 /* SwipeNavigationView.swift */,
			);
			path = MainViews;
			sourceTree = "<group>";
		};
		8EAFEF6D2CD4524500136348 = {
			isa = PBXGroup;
			children = (
				8EAFEFA82CD4528E00136348 /* Azit */,
				8EAFEF892CD4524600136348 /* AzitTests */,
				8EAFEF932CD4524600136348 /* AzitUITests */,
				8EE014442CE5D33D003151F8 /* AzitWidget */,
				8EE014742CE5D4EE003151F8 /* AzitWidgetExtension.entitlements */,
				8EAFEFCF2CD45F0700136348 /* Frameworks */,
				8EAFEF772CD4524500136348 /* Products */,
			);
			sourceTree = "<group>";
		};
		8EAFEF772CD4524500136348 /* Products */ = {
			isa = PBXGroup;
			children = (
				8EAFEF762CD4524500136348 /* Azit.app */,
				8EAFEF862CD4524600136348 /* AzitTests.xctest */,
				8EAFEF902CD4524600136348 /* AzitUITests.xctest */,
				8EE0143F2CE5D33D003151F8 /* AzitWidgetExtension.appex */,
			);
			name = Products;
			sourceTree = "<group>";
		};
		8EAFEFA42CD4528E00136348 /* Preview Content */ = {
			isa = PBXGroup;
			children = (
				8EAFEFA32CD4528E00136348 /* Preview Assets.xcassets */,
			);
			path = "Preview Content";
			sourceTree = "<group>";
		};
		8EAFEFA82CD4528E00136348 /* Azit */ = {
			isa = PBXGroup;
			children = (
				CE9443232CFECFB0005E5C5F /* GoogleService-Info.plist */,
				8EC52DC12CE18FB900DC8190 /* Assets.xcassets */,
				8EAFEFEB2CD47A0700136348 /* Auth */,
				EA31371F2CE331AA00AA4685 /* Azit.entitlements */,
				8EAFEFA62CD4528E00136348 /* AzitApp.swift */,
				8B2FC1C82CEE4CD90078443F /* chars.json */,
				8E645D5A2CE47C1200F43836 /* Constants */,
				8E645D572CE47BE900F43836 /* Extension */,
				8EAFEFB02CD4571D00136348 /* Fonts */,
				8B2FC1BC2CEDD1B30078443F /* icons.json */,
				8E42C9FA2CE6E5270006CAA5 /* Info.plist */,
				8B2FC1CA2CEE57560078443F /* metadata.json */,
				8EAFEFAD2CD4529300136348 /* Models */,
				8EAFEFA42CD4528E00136348 /* Preview Content */,
				8EAFEFAF2CD452A600136348 /* Stores */,
				8E645D562CE47BDA00F43836 /* Utility */,
				8EAFEFAE2CD4529E00136348 /* Views */,
			);
			path = Azit;
			sourceTree = "<group>";
		};
		8EAFEFAD2CD4529300136348 /* Models */ = {
			isa = PBXGroup;
			children = (
				8B2FC1C32CEE47C90078443F /* Emoji.swift */,
				8EAFEFB12CD4580800136348 /* UserInfo.swift */,
				8EAFEFB32CD4582200136348 /* Story.swift */,
				8EAFEFB52CD45CB100136348 /* Chat.swift */,
				8EAFEFB72CD45CCE00136348 /* ChatRoom.swift */,
				8E611FDE2CEC9E0D00DF40E4 /* AzitWidgetData.swift */,
			);
			path = Models;
			sourceTree = "<group>";
		};
		8EAFEFAE2CD4529E00136348 /* Views */ = {
			isa = PBXGroup;
			children = (
				8BE42D412CF0B8C300AB21F4 /* BlurView.swift */,
				8EAFF0012CD4A05C00136348 /* Album */,
				8EAFEFFF2CD4A04300136348 /* Login */,
				8EAFEFFD2CD4A03200136348 /* Main */,
				8EAFEFFE2CD4A03C00136348 /* Message */,
				EAF840B12CD9F9C100F23839 /* MyPage */,
				8EAFF0002CD4A04900136348 /* Upload */,
			);
			path = Views;
			sourceTree = "<group>";
		};
		8EAFEFAF2CD452A600136348 /* Stores */ = {
			isa = PBXGroup;
			children = (
				CE4865762CF03F9E00C30997 /* EditPhotoStore.swift */,
				8BE42D512CF1B0D800AB21F4 /* FilterButtons.swift */,
				8BE42D3F2CF0B8B600AB21F4 /* BlurView.swift */,
				8B2FC1C62CEE48000078443F /* EmojiProvider.swift */,
				8B2FC1BA2CEDC5A70078443F /* TwemojiHelper.swift */,
				CEDFC2ED2CE2EAB0008C215A /* AlbumStore.swift */,
				8BD71F812CD89ABD0030693B /* CameraService.swift */,
				CE062B9D2CD8DB8100CB5D4A /* ChatDetailViewStore.swift */,
				CE374EAC2CD79F6300601AA7 /* ChatListStore.swift */,
				8B0679F02CE20C2D00ABD942 /* LocationManager.swift */,
				8B067A022CE45A5C00ABD942 /* PhotoImageStore.swift */,
				8EAFF00E2CD4A31300136348 /* StoryStore.swift */,
				EAF840732CD9B56200F23839 /* UserInfoStore.swift */,
			);
			path = Stores;
			sourceTree = "<group>";
		};
		8EAFEFCF2CD45F0700136348 /* Frameworks */ = {
			isa = PBXGroup;
			children = (
				8B0679F22CE2376600ABD942 /* CoreLocation.framework */,
				8EE014402CE5D33D003151F8 /* WidgetKit.framework */,
				8EE014422CE5D33D003151F8 /* SwiftUI.framework */,
			);
			name = Frameworks;
			sourceTree = "<group>";
		};
		8EAFEFEB2CD47A0700136348 /* Auth */ = {
			isa = PBXGroup;
			children = (
				8EAFF0172CD4A36B00136348 /* AuthManager.swift */,
				EAF93B842CD4A4D600116035 /* AuthManager+Email.swift */,
				EAF93B862CD4A4DC00116035 /* AuthManager+Google.swift */,
				EACABF202CE30E760042340D /* AuthApple.swift */,
			);
			path = Auth;
			sourceTree = "<group>";
		};
		8EAFEFFD2CD4A03200136348 /* Main */ = {
			isa = PBXGroup;
			children = (
				8E645D622CE485E400F43836 /* MainViews */,
				8E645D5F2CE4859900F43836 /* EmojiViews */,
				8E645D602CE485A900F43836 /* ModalViews */,
				8E645D612CE485D500F43836 /* MapViews */,
			);
			path = Main;
			sourceTree = "<group>";
		};
		8EAFEFFE2CD4A03C00136348 /* Message */ = {
			isa = PBXGroup;
			children = (
				CE062BAF2CD91EE700CB5D4A /* ChatRoomListView.swift */,
				CE3A16E12CD85A5B0045DB52 /* MessageDetailView.swift */,
				8EAFF0122CD4A33600136348 /* MessageView.swift */,
				CE062BAB2CD91E2500CB5D4A /* PostMessageView.swift */,
				CE062BAD2CD91E6600CB5D4A /* GetMessageView.swift */,
			);
			path = Message;
			sourceTree = "<group>";
		};
		8EAFEFFF2CD4A04300136348 /* Login */ = {
			isa = PBXGroup;
			children = (
				EAF93B8C2CD4A50700116035 /* AuthView.swift */,
				EAD18AE42CD6719600AF3013 /* LoginSubView.swift */,
				8EAFF0192CD4A37900136348 /* LoginView.swift */,
				CE5574642CE4666600266EBD /* ProfileDetailView.swift */,
				EAF93B8D2CD4A50700116035 /* SignupView.swift */,
				EAB079712CDDAED700293C62 /* SplashView.swift */,
			);
			path = Login;
			sourceTree = "<group>";
		};
		8EAFF0002CD4A04900136348 /* Upload */ = {
			isa = PBXGroup;
			children = (
				8E645D5D2CE484DF00F43836 /* EmojiUpload */,
				8E645D5B2CE484AC00F43836 /* PhotoUpload */,
			);
			path = Upload;
			sourceTree = "<group>";
		};
		8EAFF0012CD4A05C00136348 /* Album */ = {
			isa = PBXGroup;
			children = (
				CE86A3B52CE6DFE2000B59B2 /* AlbumDetailView.swift */,
				CE86A3B72CE6E1B4000B59B2 /* AlbumFriendListView.swift */,
				CE86A3B92CE6E4C6000B59B2 /* AlbumScrollView.swift */,
				CE69CDCB2CE70C2800322E7A /* AlbumStoryImageView.swift */,
				8EAFF0142CD4A33E00136348 /* AlbumView.swift */,
				CEDFC2CD2CE1C814008C215A /* FriendSegmentView.swift */,
			);
			path = Album;
			sourceTree = "<group>";
		};
		EA3137222CE337A600AA4685 /* QRCode */ = {
			isa = PBXGroup;
			children = (
				EAAABB772CE6D2BE0003C250 /* QR.swift */,
				EA3137202CE3322000AA4685 /* QRCodeView.swift */,
				EAAABB652CE5E25F0003C250 /* QRCodeContent.swift */,
				EAAABB6D2CE5ECD30003C250 /* QRShareSheet.swift */,
				EAAABB752CE6D0CA0003C250 /* QRInvitation.swift */,
			);
			path = QRCode;
			sourceTree = "<group>";
		};
		EABA948B2CEC303500193C1E /* FCM */ = {
			isa = PBXGroup;
			children = (
				EAF3D1012CEDA31800ABCB4F /* sendNotificationToServer.swift */,
			);
			path = FCM;
			sourceTree = "<group>";
		};
		EAF840B12CD9F9C100F23839 /* MyPage */ = {
			isa = PBXGroup;
			children = (
				EAF840B22CD9FA0E00F23839 /* MyPageView.swift */,
				EAF8BB1A2CDB368F00B67AAF /* EditProfileView.swift */,
				EAAABB792CE70BF40003C250 /* EditFriend.swift */,
				EAAABB9B2CE890AB0003C250 /* BlockedFriendView.swift */,
				EAC5F7072CF43AF5005D1C8A /* FriendsStore.swift */,
				EA3137222CE337A600AA4685 /* QRCode */,
				EABA948B2CEC303500193C1E /* FCM */,
			);
			path = MyPage;
			sourceTree = "<group>";
		};
/* End PBXGroup section */

/* Begin PBXNativeTarget section */
		8EAFEF752CD4524500136348 /* Azit */ = {
			isa = PBXNativeTarget;
			buildConfigurationList = 8EAFEF9A2CD4524600136348 /* Build configuration list for PBXNativeTarget "Azit" */;
			buildPhases = (
				8EAFEF722CD4524500136348 /* Sources */,
				8EAFEF732CD4524500136348 /* Frameworks */,
				8EAFEF742CD4524500136348 /* Resources */,
				8EE014532CE5D33E003151F8 /* Embed Foundation Extensions */,
			);
			buildRules = (
			);
			dependencies = (
				8EE014512CE5D33E003151F8 /* PBXTargetDependency */,
			);
			fileSystemSynchronizedGroups = (
				8EAFEFB02CD4571D00136348 /* Fonts */,
			);
			name = Azit;
			packageProductDependencies = (
				8EAFEFBA2CD45D8D00136348 /* FirebaseAuth */,
				8EAFEFBC2CD45D8D00136348 /* FirebaseAuthCombine-Community */,
				8EAFEFBE2CD45D8D00136348 /* FirebaseDatabase */,
				8EAFEFC02CD45D8D00136348 /* FirebaseFirestore */,
				8EAFEFC22CD45D8D00136348 /* FirebaseFirestoreCombine-Community */,
				8EAFEFC42CD45D8D00136348 /* FirebaseMessaging */,
				8EAFEFC62CD45D8D00136348 /* FirebaseStorage */,
				8EAFEFC82CD45D8D00136348 /* FirebaseStorageCombine-Community */,
				8EAFEFCB2CD45DC600136348 /* GoogleSignIn */,
				8EAFEFCD2CD45DC600136348 /* GoogleSignInSwift */,
				8EAFEFD02CD45F0700136348 /* FirebaseCore */,
				8EAFEFD22CD45F5A00136348 /* FirebaseFunctions */,
				8EAFEFD42CD45F5A00136348 /* FirebaseFunctionsCombine-Community */,
				CE89D79D2CDA8D1600DC73A8 /* EmojiPicker */,
				CED22B1A2CEA33600075F56C /* AlertToast */,
				8B2FC1C12CEE45B20078443F /* Kingfisher */,
				8BE42D542CF1B23200AB21F4 /* OrderedCollections */,
			);
			productName = Azit;
			productReference = 8EAFEF762CD4524500136348 /* Azit.app */;
			productType = "com.apple.product-type.application";
		};
		8EAFEF852CD4524600136348 /* AzitTests */ = {
			isa = PBXNativeTarget;
			buildConfigurationList = 8EAFEF9D2CD4524600136348 /* Build configuration list for PBXNativeTarget "AzitTests" */;
			buildPhases = (
				8EAFEF822CD4524600136348 /* Sources */,
				8EAFEF832CD4524600136348 /* Frameworks */,
				8EAFEF842CD4524600136348 /* Resources */,
			);
			buildRules = (
			);
			dependencies = (
				8EAFEF882CD4524600136348 /* PBXTargetDependency */,
			);
			fileSystemSynchronizedGroups = (
				8EAFEF892CD4524600136348 /* AzitTests */,
			);
			name = AzitTests;
			packageProductDependencies = (
			);
			productName = AzitTests;
			productReference = 8EAFEF862CD4524600136348 /* AzitTests.xctest */;
			productType = "com.apple.product-type.bundle.unit-test";
		};
		8EAFEF8F2CD4524600136348 /* AzitUITests */ = {
			isa = PBXNativeTarget;
			buildConfigurationList = 8EAFEFA02CD4524600136348 /* Build configuration list for PBXNativeTarget "AzitUITests" */;
			buildPhases = (
				8EAFEF8C2CD4524600136348 /* Sources */,
				8EAFEF8D2CD4524600136348 /* Frameworks */,
				8EAFEF8E2CD4524600136348 /* Resources */,
			);
			buildRules = (
			);
			dependencies = (
				8EAFEF922CD4524600136348 /* PBXTargetDependency */,
			);
			fileSystemSynchronizedGroups = (
				8EAFEF932CD4524600136348 /* AzitUITests */,
			);
			name = AzitUITests;
			packageProductDependencies = (
			);
			productName = AzitUITests;
			productReference = 8EAFEF902CD4524600136348 /* AzitUITests.xctest */;
			productType = "com.apple.product-type.bundle.ui-testing";
		};
		8EE0143E2CE5D33D003151F8 /* AzitWidgetExtension */ = {
			isa = PBXNativeTarget;
			buildConfigurationList = 8EE014572CE5D33E003151F8 /* Build configuration list for PBXNativeTarget "AzitWidgetExtension" */;
			buildPhases = (
				8EE0143B2CE5D33D003151F8 /* Sources */,
				8EE0143C2CE5D33D003151F8 /* Frameworks */,
				8EE0143D2CE5D33D003151F8 /* Resources */,
			);
			buildRules = (
			);
			dependencies = (
			);
			fileSystemSynchronizedGroups = (
				8EE014442CE5D33D003151F8 /* AzitWidget */,
			);
			name = AzitWidgetExtension;
			packageProductDependencies = (
				8EE014582CE5D497003151F8 /* FirebaseAuth */,
				8EE0145A2CE5D497003151F8 /* FirebaseAuthCombine-Community */,
				8EE0145C2CE5D497003151F8 /* FirebaseCore */,
				8EE0145E2CE5D497003151F8 /* FirebaseDatabase */,
				8EE014602CE5D497003151F8 /* FirebaseFirestore */,
				8EE014622CE5D497003151F8 /* FirebaseFirestoreCombine-Community */,
				8EE014642CE5D497003151F8 /* FirebaseFunctions */,
				8EE014662CE5D497003151F8 /* FirebaseFunctionsCombine-Community */,
				8EE014682CE5D497003151F8 /* FirebaseStorage */,
				8EE0146A2CE5D497003151F8 /* FirebaseStorageCombine-Community */,
				8EE0146C2CE5D497003151F8 /* GoogleSignIn */,
				8EE0146E2CE5D497003151F8 /* GoogleSignInSwift */,
				CE0B24BF2CEEC35A002FE86D /* Kingfisher */,
			);
			productName = AzitWidgetExtension;
			productReference = 8EE0143F2CE5D33D003151F8 /* AzitWidgetExtension.appex */;
			productType = "com.apple.product-type.app-extension";
		};
/* End PBXNativeTarget section */

/* Begin PBXProject section */
		8EAFEF6E2CD4524500136348 /* Project object */ = {
			isa = PBXProject;
			attributes = {
				BuildIndependentTargetsInParallel = 1;
				LastSwiftUpdateCheck = 1600;
				LastUpgradeCheck = 1600;
				TargetAttributes = {
					8EAFEF752CD4524500136348 = {
						CreatedOnToolsVersion = 16.0;
					};
					8EAFEF852CD4524600136348 = {
						CreatedOnToolsVersion = 16.0;
						TestTargetID = 8EAFEF752CD4524500136348;
					};
					8EAFEF8F2CD4524600136348 = {
						CreatedOnToolsVersion = 16.0;
						TestTargetID = 8EAFEF752CD4524500136348;
					};
					8EE0143E2CE5D33D003151F8 = {
						CreatedOnToolsVersion = 16.0;
					};
				};
			};
			buildConfigurationList = 8EAFEF712CD4524500136348 /* Build configuration list for PBXProject "Azit" */;
			developmentRegion = en;
			hasScannedForEncodings = 0;
			knownRegions = (
				en,
				Base,
			);
			mainGroup = 8EAFEF6D2CD4524500136348;
			minimizedProjectReferenceProxies = 1;
			packageReferences = (
				8EAFEFB92CD45D8D00136348 /* XCRemoteSwiftPackageReference "firebase-ios-sdk" */,
				8EAFEFCA2CD45DC600136348 /* XCRemoteSwiftPackageReference "GoogleSignIn-iOS" */,
				CE89D79C2CDA8D1600DC73A8 /* XCRemoteSwiftPackageReference "EmojiPicker" */,
				CED22B192CEA33600075F56C /* XCRemoteSwiftPackageReference "AlertToast" */,
				8B2FC1C02CEE445E0078443F /* XCRemoteSwiftPackageReference "Kingfisher" */,
				8BE42D532CF1B22200AB21F4 /* XCRemoteSwiftPackageReference "swift-collections" */,
			);
			preferredProjectObjectVersion = 77;
			productRefGroup = 8EAFEF772CD4524500136348 /* Products */;
			projectDirPath = "";
			projectRoot = "";
			targets = (
				8EAFEF752CD4524500136348 /* Azit */,
				8EAFEF852CD4524600136348 /* AzitTests */,
				8EAFEF8F2CD4524600136348 /* AzitUITests */,
				8EE0143E2CE5D33D003151F8 /* AzitWidgetExtension */,
			);
		};
/* End PBXProject section */

/* Begin PBXResourcesBuildPhase section */
		8EAFEF742CD4524500136348 /* Resources */ = {
			isa = PBXResourcesBuildPhase;
			buildActionMask = 2147483647;
			files = (
				8EAFEFA92CD4528E00136348 /* Preview Assets.xcassets in Resources */,
				8EC52DC22CE18FB900DC8190 /* Assets.xcassets in Resources */,
				8BE42D422CF0B8C300AB21F4 /* BlurView.swift in Resources */,
				8B2FC1BD2CEDD1B30078443F /* icons.json in Resources */,
				8B2FC1CB2CEE57560078443F /* metadata.json in Resources */,
				CE9443242CFECFB0005E5C5F /* GoogleService-Info.plist in Resources */,
				8B2FC1C92CEE4CD90078443F /* chars.json in Resources */,
			);
			runOnlyForDeploymentPostprocessing = 0;
		};
		8EAFEF842CD4524600136348 /* Resources */ = {
			isa = PBXResourcesBuildPhase;
			buildActionMask = 2147483647;
			files = (
			);
			runOnlyForDeploymentPostprocessing = 0;
		};
		8EAFEF8E2CD4524600136348 /* Resources */ = {
			isa = PBXResourcesBuildPhase;
			buildActionMask = 2147483647;
			files = (
			);
			runOnlyForDeploymentPostprocessing = 0;
		};
		8EE0143D2CE5D33D003151F8 /* Resources */ = {
			isa = PBXResourcesBuildPhase;
			buildActionMask = 2147483647;
			files = (
				CE9443252CFECFB0005E5C5F /* GoogleService-Info.plist in Resources */,
			);
			runOnlyForDeploymentPostprocessing = 0;
		};
/* End PBXResourcesBuildPhase section */

/* Begin PBXSourcesBuildPhase section */
		8EAFEF722CD4524500136348 /* Sources */ = {
			isa = PBXSourcesBuildPhase;
			buildActionMask = 2147483647;
			files = (
				EAF3D1022CEDA31800ABCB4F /* sendNotificationToServer.swift in Sources */,
				8E863A482CF0513E00057FF8 /* SwipeNavigationView.swift in Sources */,
				CE86A3B82CE6E1B4000B59B2 /* AlbumFriendListView.swift in Sources */,
				8BDA11D52CDA769C004242DB /* EmojiPickerView.swift in Sources */,
				EAB079722CDDAED700293C62 /* SplashView.swift in Sources */,
				CE4865772CF03FAD00C30997 /* EditPhotoStore.swift in Sources */,
				CE4865772CF03FAD00C30997 /* EditPhotoStore.swift in Sources */,
				8E863A462CF03F8300057FF8 /* RotationBar.swift in Sources */,
				8BE42D522CF1B0E000AB21F4 /* FilterButtons.swift in Sources */,
				CE9BB1132CF40AF70048C755 /* AzitWidgetData.swift in Sources */,
				EAF93B8E2CD4A50700116035 /* AuthView.swift in Sources */,
				CE69CDCC2CE70C2800322E7A /* AlbumStoryImageView.swift in Sources */,
				CEDFC2EE2CE2EAB0008C215A /* AlbumStore.swift in Sources */,
				EAF93B8F2CD4A50700116035 /* SignupView.swift in Sources */,
				EAAABB762CE6D0CA0003C250 /* QRInvitation.swift in Sources */,
				EAAABB782CE6D2BE0003C250 /* QR.swift in Sources */,
				CE8A3BAD2CF35E2100DDA2E8 /* TextEditorView.swift in Sources */,
				8BE42D402CF0B8B900AB21F4 /* BlurView.swift in Sources */,
				8E645D552CE4784F00F43836 /* MyContentEmojiView.swift in Sources */,
				EA3137212CE3322000AA4685 /* QRCodeView.swift in Sources */,
				8EAFEFB82CD45CCE00136348 /* ChatRoom.swift in Sources */,
				EAAABB7A2CE70BF40003C250 /* EditFriend.swift in Sources */,
				8E9402612CDAE99E0005C2BB /* MapView.swift in Sources */,
				8E71EF7B2CE2EE8D00BA8F33 /* ContentsModalTopView.swift in Sources */,
				8EAFEFAB2CD4528E00136348 /* AzitApp.swift in Sources */,
				8BD71F882CD8C6300030693B /* UploadPhotoStoryView.swift in Sources */,
				8BD71F822CD89AC20030693B /* CameraService.swift in Sources */,
				CE4865752CF0280C00C30997 /* EditPhotoView.swift in Sources */,
				EACABF212CE30E760042340D /* AuthApple.swift in Sources */,
				8BCB83A02CDA2A3500C49011 /* PublishScopeView.swift in Sources */,
				8BD71F7E2CD4BB280030693B /* TakePhotoView.swift in Sources */,
				8BD71F842CD89AEA0030693B /* PhotoPicker.swift in Sources */,
				8EAFEFAC2CD4528E00136348 /* MainView.swift in Sources */,
				CE86A3B62CE6DFE2000B59B2 /* AlbumDetailView.swift in Sources */,
				8BA5D4B42CDD3A7400B03843 /* EditStoryView.swift in Sources */,
				EA3F965E2CD8B19C009904C0 /* (null) in Sources */,
				8B067A032CE45A6200ABD942 /* PhotoImageStore.swift in Sources */,
				8EAFF0132CD4A33600136348 /* MessageView.swift in Sources */,
				CEDFC2CE2CE1C814008C215A /* FriendSegmentView.swift in Sources */,
				CE374EAD2CD79F6300601AA7 /* ChatListStore.swift in Sources */,
				EAC5F7082CF43AF5005D1C8A /* FriendsStore.swift in Sources */,
				CE86A3BA2CE6E4C6000B59B2 /* AlbumScrollView.swift in Sources */,
				8EC52DDA2CE1DA3A00DC8190 /* MyContentsModalView.swift in Sources */,
				8EC52DD82CE1C93C00DC8190 /* Utility.swift in Sources */,
				8EAFEFB22CD4580800136348 /* UserInfo.swift in Sources */,
				8B3FE8AE2CD9E23E000A4519 /* EmojiView.swift in Sources */,
				8EC52DDC2CE1E81D00DC8190 /* Constants.swift in Sources */,
				CE062BAC2CD91E2B00CB5D4A /* PostMessageView.swift in Sources */,
				CE946B3D2CEC390400250F9E /* KeyboardObserver.swift in Sources */,
				8B2FC1C72CEE48040078443F /* EmojiProvider.swift in Sources */,
				CE062B9E2CD8DB8100CB5D4A /* ChatDetailViewStore.swift in Sources */,
				CE062BB02CD91EEE00CB5D4A /* ChatRoomListView.swift in Sources */,
				8E645D592CE47C0700F43836 /* AzitExtension.swift in Sources */,
				8E71EF0D2CE2DF0D00BA8F33 /* MainTopView.swift in Sources */,
				EAF840742CD9B56200F23839 /* UserInfoStore.swift in Sources */,
				EAF8BB1B2CDB368F00B67AAF /* EditProfileView.swift in Sources */,
				8E71EF7D2CE2F59000BA8F33 /* ModalIdentificationView.swift in Sources */,
				8E71EFE72CE348CA00BA8F33 /* LikesSheetView.swift in Sources */,
				8EAFF01A2CD4A37900136348 /* LoginView.swift in Sources */,
				8E71EF792CE2ECAE00BA8F33 /* StoryContentsView.swift in Sources */,
				EAAABB9C2CE890AB0003C250 /* BlockedFriendView.swift in Sources */,
				EAF840B32CD9FA0E00F23839 /* MyPageView.swift in Sources */,
				CE5574652CE4666600266EBD /* ProfileDetailView.swift in Sources */,
				8EAFEFB62CD45CB100136348 /* Chat.swift in Sources */,
				EAD18AE52CD6719600AF3013 /* LoginSubView.swift in Sources */,
				EAF93B872CD4A4DC00116035 /* AuthManager+Google.swift in Sources */,
				8EAFF00F2CD4A31300136348 /* StoryStore.swift in Sources */,
				8EAFF0182CD4A36B00136348 /* AuthManager.swift in Sources */,
				8BD71F802CD89A8C0030693B /* CameraPreview.swift in Sources */,
				EAAABB6E2CE5ECD30003C250 /* QRShareSheet.swift in Sources */,
				EAAABB662CE5E25F0003C250 /* QRCodeContent.swift in Sources */,
				EAF93B852CD4A4D600116035 /* AuthManager+Email.swift in Sources */,
				8B0679F12CE20C3100ABD942 /* LocationManager.swift in Sources */,
				8E538EE12CD844700094ABD1 /* RotationView.swift in Sources */,
				8EAFF0152CD4A33E00136348 /* AlbumView.swift in Sources */,
				8BA5D4A22CDAFC7900B03843 /* SearchView.swift in Sources */,
				8E538EE32CD844A50094ABD1 /* FriendsContentsModalView.swift in Sources */,
				A7013EC02D0606E900AF0A43 /* EmojiTopView.swift in Sources */,
				8B2FC1BB2CEDC5B30078443F /* TwemojiHelper.swift in Sources */,
				8EAFEFB42CD4582200136348 /* Story.swift in Sources */,
				8B2FC1C42CEE47CC0078443F /* Emoji.swift in Sources */,
				CE062BAE2CD91E6C00CB5D4A /* GetMessageView.swift in Sources */,
				CE3A16E22CD85A5B0045DB52 /* MessageDetailView.swift in Sources */,
				8E71EF732CE2E27500BA8F33 /* MapContentEmojiView.swift in Sources */,
				8EC52DD62CE19C8300DC8190 /* FriendsContentEmojiView.swift in Sources */,
				8E71EF772CE2E46200BA8F33 /* EllipsesView.swift in Sources */,
			);
			runOnlyForDeploymentPostprocessing = 0;
		};
		8EAFEF822CD4524600136348 /* Sources */ = {
			isa = PBXSourcesBuildPhase;
			buildActionMask = 2147483647;
			files = (
			);
			runOnlyForDeploymentPostprocessing = 0;
		};
		8EAFEF8C2CD4524600136348 /* Sources */ = {
			isa = PBXSourcesBuildPhase;
			buildActionMask = 2147483647;
			files = (
			);
			runOnlyForDeploymentPostprocessing = 0;
		};
		8EE0143B2CE5D33D003151F8 /* Sources */ = {
			isa = PBXSourcesBuildPhase;
			buildActionMask = 2147483647;
			files = (
				8B2FC1C52CEE47CC0078443F /* Emoji.swift in Sources */,
				8EE014732CE5D4DB003151F8 /* StoryStore.swift in Sources */,
				8EE014722CE5D4D7003151F8 /* UserInfoStore.swift in Sources */,
				8E611FE12CEC9E3100DF40E4 /* PhotoImageStore.swift in Sources */,
				8EE014752CE5D6C9003151F8 /* AlbumStore.swift in Sources */,
				8E611FE02CEC9E0D00DF40E4 /* AzitWidgetData.swift in Sources */,
				8EE014702CE5D4C8003151F8 /* UserInfo.swift in Sources */,
				8EE014712CE5D4CC003151F8 /* Story.swift in Sources */,
				8EE014762CE5D830003151F8 /* AuthManager.swift in Sources */,
			);
			runOnlyForDeploymentPostprocessing = 0;
		};
/* End PBXSourcesBuildPhase section */

/* Begin PBXTargetDependency section */
		8EAFEF882CD4524600136348 /* PBXTargetDependency */ = {
			isa = PBXTargetDependency;
			target = 8EAFEF752CD4524500136348 /* Azit */;
			targetProxy = 8EAFEF872CD4524600136348 /* PBXContainerItemProxy */;
		};
		8EAFEF922CD4524600136348 /* PBXTargetDependency */ = {
			isa = PBXTargetDependency;
			target = 8EAFEF752CD4524500136348 /* Azit */;
			targetProxy = 8EAFEF912CD4524600136348 /* PBXContainerItemProxy */;
		};
		8EE014512CE5D33E003151F8 /* PBXTargetDependency */ = {
			isa = PBXTargetDependency;
			target = 8EE0143E2CE5D33D003151F8 /* AzitWidgetExtension */;
			targetProxy = 8EE014502CE5D33E003151F8 /* PBXContainerItemProxy */;
		};
/* End PBXTargetDependency section */

/* Begin XCBuildConfiguration section */
		8EAFEF982CD4524600136348 /* Debug */ = {
			isa = XCBuildConfiguration;
			buildSettings = {
				ALWAYS_SEARCH_USER_PATHS = NO;
				ASSETCATALOG_COMPILER_GENERATE_SWIFT_ASSET_SYMBOL_EXTENSIONS = YES;
				CLANG_ANALYZER_NONNULL = YES;
				CLANG_ANALYZER_NUMBER_OBJECT_CONVERSION = YES_AGGRESSIVE;
				CLANG_CXX_LANGUAGE_STANDARD = "gnu++20";
				CLANG_ENABLE_MODULES = YES;
				CLANG_ENABLE_OBJC_ARC = YES;
				CLANG_ENABLE_OBJC_WEAK = YES;
				CLANG_WARN_BLOCK_CAPTURE_AUTORELEASING = YES;
				CLANG_WARN_BOOL_CONVERSION = YES;
				CLANG_WARN_COMMA = YES;
				CLANG_WARN_CONSTANT_CONVERSION = YES;
				CLANG_WARN_DEPRECATED_OBJC_IMPLEMENTATIONS = YES;
				CLANG_WARN_DIRECT_OBJC_ISA_USAGE = YES_ERROR;
				CLANG_WARN_DOCUMENTATION_COMMENTS = YES;
				CLANG_WARN_EMPTY_BODY = YES;
				CLANG_WARN_ENUM_CONVERSION = YES;
				CLANG_WARN_INFINITE_RECURSION = YES;
				CLANG_WARN_INT_CONVERSION = YES;
				CLANG_WARN_NON_LITERAL_NULL_CONVERSION = YES;
				CLANG_WARN_OBJC_IMPLICIT_RETAIN_SELF = YES;
				CLANG_WARN_OBJC_LITERAL_CONVERSION = YES;
				CLANG_WARN_OBJC_ROOT_CLASS = YES_ERROR;
				CLANG_WARN_QUOTED_INCLUDE_IN_FRAMEWORK_HEADER = YES;
				CLANG_WARN_RANGE_LOOP_ANALYSIS = YES;
				CLANG_WARN_STRICT_PROTOTYPES = YES;
				CLANG_WARN_SUSPICIOUS_MOVE = YES;
				CLANG_WARN_UNGUARDED_AVAILABILITY = YES_AGGRESSIVE;
				CLANG_WARN_UNREACHABLE_CODE = YES;
				CLANG_WARN__DUPLICATE_METHOD_MATCH = YES;
				COPY_PHASE_STRIP = NO;
				DEBUG_INFORMATION_FORMAT = dwarf;
				DEVELOPMENT_TEAM = 8QXLTDU8Z4;
				ENABLE_STRICT_OBJC_MSGSEND = YES;
				ENABLE_TESTABILITY = YES;
				ENABLE_USER_SCRIPT_SANDBOXING = YES;
				GCC_C_LANGUAGE_STANDARD = gnu17;
				GCC_DYNAMIC_NO_PIC = NO;
				GCC_NO_COMMON_BLOCKS = YES;
				GCC_OPTIMIZATION_LEVEL = 0;
				GCC_PREPROCESSOR_DEFINITIONS = (
					"DEBUG=1",
					"$(inherited)",
				);
				GCC_WARN_64_TO_32_BIT_CONVERSION = YES;
				GCC_WARN_ABOUT_RETURN_TYPE = YES_ERROR;
				GCC_WARN_UNDECLARED_SELECTOR = YES;
				GCC_WARN_UNINITIALIZED_AUTOS = YES_AGGRESSIVE;
				GCC_WARN_UNUSED_FUNCTION = YES;
				GCC_WARN_UNUSED_VARIABLE = YES;
				IPHONEOS_DEPLOYMENT_TARGET = 18.0;
				LOCALIZATION_PREFERS_STRING_CATALOGS = YES;
				MTL_ENABLE_DEBUG_INFO = INCLUDE_SOURCE;
				MTL_FAST_MATH = YES;
				ONLY_ACTIVE_ARCH = YES;
				SDKROOT = iphoneos;
				SWIFT_ACTIVE_COMPILATION_CONDITIONS = "DEBUG $(inherited)";
				SWIFT_OPTIMIZATION_LEVEL = "-Onone";
			};
			name = Debug;
		};
		8EAFEF992CD4524600136348 /* Release */ = {
			isa = XCBuildConfiguration;
			buildSettings = {
				ALWAYS_SEARCH_USER_PATHS = NO;
				ASSETCATALOG_COMPILER_GENERATE_SWIFT_ASSET_SYMBOL_EXTENSIONS = YES;
				CLANG_ANALYZER_NONNULL = YES;
				CLANG_ANALYZER_NUMBER_OBJECT_CONVERSION = YES_AGGRESSIVE;
				CLANG_CXX_LANGUAGE_STANDARD = "gnu++20";
				CLANG_ENABLE_MODULES = YES;
				CLANG_ENABLE_OBJC_ARC = YES;
				CLANG_ENABLE_OBJC_WEAK = YES;
				CLANG_WARN_BLOCK_CAPTURE_AUTORELEASING = YES;
				CLANG_WARN_BOOL_CONVERSION = YES;
				CLANG_WARN_COMMA = YES;
				CLANG_WARN_CONSTANT_CONVERSION = YES;
				CLANG_WARN_DEPRECATED_OBJC_IMPLEMENTATIONS = YES;
				CLANG_WARN_DIRECT_OBJC_ISA_USAGE = YES_ERROR;
				CLANG_WARN_DOCUMENTATION_COMMENTS = YES;
				CLANG_WARN_EMPTY_BODY = YES;
				CLANG_WARN_ENUM_CONVERSION = YES;
				CLANG_WARN_INFINITE_RECURSION = YES;
				CLANG_WARN_INT_CONVERSION = YES;
				CLANG_WARN_NON_LITERAL_NULL_CONVERSION = YES;
				CLANG_WARN_OBJC_IMPLICIT_RETAIN_SELF = YES;
				CLANG_WARN_OBJC_LITERAL_CONVERSION = YES;
				CLANG_WARN_OBJC_ROOT_CLASS = YES_ERROR;
				CLANG_WARN_QUOTED_INCLUDE_IN_FRAMEWORK_HEADER = YES;
				CLANG_WARN_RANGE_LOOP_ANALYSIS = YES;
				CLANG_WARN_STRICT_PROTOTYPES = YES;
				CLANG_WARN_SUSPICIOUS_MOVE = YES;
				CLANG_WARN_UNGUARDED_AVAILABILITY = YES_AGGRESSIVE;
				CLANG_WARN_UNREACHABLE_CODE = YES;
				CLANG_WARN__DUPLICATE_METHOD_MATCH = YES;
				COPY_PHASE_STRIP = NO;
				DEBUG_INFORMATION_FORMAT = "dwarf-with-dsym";
				DEVELOPMENT_TEAM = 8QXLTDU8Z4;
				ENABLE_NS_ASSERTIONS = NO;
				ENABLE_STRICT_OBJC_MSGSEND = YES;
				ENABLE_USER_SCRIPT_SANDBOXING = YES;
				GCC_C_LANGUAGE_STANDARD = gnu17;
				GCC_NO_COMMON_BLOCKS = YES;
				GCC_WARN_64_TO_32_BIT_CONVERSION = YES;
				GCC_WARN_ABOUT_RETURN_TYPE = YES_ERROR;
				GCC_WARN_UNDECLARED_SELECTOR = YES;
				GCC_WARN_UNINITIALIZED_AUTOS = YES_AGGRESSIVE;
				GCC_WARN_UNUSED_FUNCTION = YES;
				GCC_WARN_UNUSED_VARIABLE = YES;
				IPHONEOS_DEPLOYMENT_TARGET = 18.0;
				LOCALIZATION_PREFERS_STRING_CATALOGS = YES;
				MTL_ENABLE_DEBUG_INFO = NO;
				MTL_FAST_MATH = YES;
				SDKROOT = iphoneos;
				SWIFT_COMPILATION_MODE = wholemodule;
				VALIDATE_PRODUCT = YES;
			};
			name = Release;
		};
		8EAFEF9B2CD4524600136348 /* Debug */ = {
			isa = XCBuildConfiguration;
			buildSettings = {
				ASSETCATALOG_COMPILER_APPICON_NAME = AppIcon;
				ASSETCATALOG_COMPILER_GLOBAL_ACCENT_COLOR_NAME = AccentColor;
				CODE_SIGN_ENTITLEMENTS = Azit/Azit.entitlements;
				CODE_SIGN_IDENTITY = "Apple Development";
				CODE_SIGN_STYLE = Automatic;
				CURRENT_PROJECT_VERSION = 1;
				DEVELOPMENT_ASSET_PATHS = "\"Azit/Preview Content\"";
				DEVELOPMENT_TEAM = 8QXLTDU8Z4;
				ENABLE_PREVIEWS = YES;
				GENERATE_INFOPLIST_FILE = YES;
				INFOPLIST_FILE = Azit/Info.plist;
				INFOPLIST_KEY_NSCameraUsageDescription = "앱에서 사진을 촬영하기 위해 카메라 접근이 필요합니다.";
				INFOPLIST_KEY_NSLocationAlwaysAndWhenInUseUsageDescription = "앱이 백그라운드에서도 위치를 접근합니다.";
				INFOPLIST_KEY_NSLocationWhenInUseUsageDescription = "스토리에 위치 정보를 추가하기 위해 위치 접근이 필요합니다.";
				INFOPLIST_KEY_NSPhotoLibraryAddUsageDescription = "사진 저장을 위해 권한이 필요합니다.";
				INFOPLIST_KEY_UIApplicationSceneManifest_Generation = YES;
				INFOPLIST_KEY_UIApplicationSupportsIndirectInputEvents = YES;
				INFOPLIST_KEY_UILaunchScreen_Generation = YES;
				INFOPLIST_KEY_UISupportedInterfaceOrientations = UIInterfaceOrientationPortrait;
				INFOPLIST_KEY_UISupportedInterfaceOrientations_iPad = "UIInterfaceOrientationLandscapeLeft UIInterfaceOrientationLandscapeRight UIInterfaceOrientationPortrait UIInterfaceOrientationPortraitUpsideDown";
				INFOPLIST_KEY_UIUserInterfaceStyle = Light;
				IPHONEOS_DEPLOYMENT_TARGET = 17.0;
				LD_RUNPATH_SEARCH_PATHS = (
					"$(inherited)",
					"@executable_path/Frameworks",
				);
				MARKETING_VERSION = 1.4.1;
				PRODUCT_BUNDLE_IDENTIFIER = benear.azit.group;
				PRODUCT_NAME = "$(TARGET_NAME)";
				PROVISIONING_PROFILE_SPECIFIER = "";
				SUPPORTED_PLATFORMS = "iphoneos iphonesimulator";
				SUPPORTS_MACCATALYST = NO;
				SUPPORTS_MAC_DESIGNED_FOR_IPHONE_IPAD = NO;
				SUPPORTS_XR_DESIGNED_FOR_IPHONE_IPAD = NO;
				SWIFT_EMIT_LOC_STRINGS = YES;
				SWIFT_VERSION = 5.0;
				TARGETED_DEVICE_FAMILY = 1;
			};
			name = Debug;
		};
		8EAFEF9C2CD4524600136348 /* Release */ = {
			isa = XCBuildConfiguration;
			buildSettings = {
				ASSETCATALOG_COMPILER_APPICON_NAME = AppIcon;
				ASSETCATALOG_COMPILER_GLOBAL_ACCENT_COLOR_NAME = AccentColor;
				CODE_SIGN_ENTITLEMENTS = Azit/Azit.entitlements;
				CODE_SIGN_IDENTITY = "Apple Development";
				CODE_SIGN_STYLE = Automatic;
				CURRENT_PROJECT_VERSION = 1;
				DEVELOPMENT_ASSET_PATHS = "\"Azit/Preview Content\"";
				DEVELOPMENT_TEAM = 8QXLTDU8Z4;
				ENABLE_PREVIEWS = YES;
				GENERATE_INFOPLIST_FILE = YES;
				INFOPLIST_FILE = Azit/Info.plist;
				INFOPLIST_KEY_NSCameraUsageDescription = "앱에서 사진을 촬영하기 위해 카메라 접근이 필요합니다.";
				INFOPLIST_KEY_NSLocationAlwaysAndWhenInUseUsageDescription = "앱이 백그라운드에서도 위치를 접근합니다.";
				INFOPLIST_KEY_NSLocationWhenInUseUsageDescription = "스토리에 위치 정보를 추가하기 위해 위치 접근이 필요합니다.";
				INFOPLIST_KEY_NSPhotoLibraryAddUsageDescription = "사진 저장을 위해 권한이 필요합니다.";
				INFOPLIST_KEY_UIApplicationSceneManifest_Generation = YES;
				INFOPLIST_KEY_UIApplicationSupportsIndirectInputEvents = YES;
				INFOPLIST_KEY_UILaunchScreen_Generation = YES;
				INFOPLIST_KEY_UISupportedInterfaceOrientations = UIInterfaceOrientationPortrait;
				INFOPLIST_KEY_UISupportedInterfaceOrientations_iPad = "UIInterfaceOrientationLandscapeLeft UIInterfaceOrientationLandscapeRight UIInterfaceOrientationPortrait UIInterfaceOrientationPortraitUpsideDown";
				INFOPLIST_KEY_UIUserInterfaceStyle = Light;
				IPHONEOS_DEPLOYMENT_TARGET = 17.0;
				LD_RUNPATH_SEARCH_PATHS = (
					"$(inherited)",
					"@executable_path/Frameworks",
				);
				MARKETING_VERSION = 1.4.1;
				PRODUCT_BUNDLE_IDENTIFIER = benear.azit.group;
				PRODUCT_NAME = "$(TARGET_NAME)";
				PROVISIONING_PROFILE_SPECIFIER = "";
				SUPPORTED_PLATFORMS = "iphoneos iphonesimulator";
				SUPPORTS_MACCATALYST = NO;
				SUPPORTS_MAC_DESIGNED_FOR_IPHONE_IPAD = NO;
				SUPPORTS_XR_DESIGNED_FOR_IPHONE_IPAD = NO;
				SWIFT_EMIT_LOC_STRINGS = YES;
				SWIFT_VERSION = 5.0;
				TARGETED_DEVICE_FAMILY = 1;
			};
			name = Release;
		};
		8EAFEF9E2CD4524600136348 /* Debug */ = {
			isa = XCBuildConfiguration;
			buildSettings = {
				BUNDLE_LOADER = "$(TEST_HOST)";
				CODE_SIGN_STYLE = Automatic;
				CURRENT_PROJECT_VERSION = 1;
				DEVELOPMENT_TEAM = 8QXLTDU8Z4;
				GENERATE_INFOPLIST_FILE = YES;
				IPHONEOS_DEPLOYMENT_TARGET = 18.0;
				MARKETING_VERSION = 1.0;
				PRODUCT_BUNDLE_IDENTIFIER = benear.azit.group.test;
				"PRODUCT_BUNDLE_IDENTIFIER[sdk=iphoneos*]" = benear.azit.group.testios;
				"PRODUCT_BUNDLE_IDENTIFIER[sdk=macosx*]" = benear.azit.group.testmac;
				PRODUCT_NAME = "$(TARGET_NAME)";
				SWIFT_EMIT_LOC_STRINGS = NO;
				SWIFT_VERSION = 5.0;
				TARGETED_DEVICE_FAMILY = "1,2";
				TEST_HOST = "$(BUILT_PRODUCTS_DIR)/Azit.app/$(BUNDLE_EXECUTABLE_FOLDER_PATH)/Azit";
			};
			name = Debug;
		};
		8EAFEF9F2CD4524600136348 /* Release */ = {
			isa = XCBuildConfiguration;
			buildSettings = {
				BUNDLE_LOADER = "$(TEST_HOST)";
				CODE_SIGN_STYLE = Automatic;
				CURRENT_PROJECT_VERSION = 1;
				DEVELOPMENT_TEAM = 8QXLTDU8Z4;
				GENERATE_INFOPLIST_FILE = YES;
				IPHONEOS_DEPLOYMENT_TARGET = 18.0;
				MARKETING_VERSION = 1.0;
				PRODUCT_BUNDLE_IDENTIFIER = benear.azit.group.test;
				"PRODUCT_BUNDLE_IDENTIFIER[sdk=iphoneos*]" = benear.azit.group.testios;
				"PRODUCT_BUNDLE_IDENTIFIER[sdk=macosx*]" = benear.azit.group.testmac;
				PRODUCT_NAME = "$(TARGET_NAME)";
				SWIFT_EMIT_LOC_STRINGS = NO;
				SWIFT_VERSION = 5.0;
				TARGETED_DEVICE_FAMILY = "1,2";
				TEST_HOST = "$(BUILT_PRODUCTS_DIR)/Azit.app/$(BUNDLE_EXECUTABLE_FOLDER_PATH)/Azit";
			};
			name = Release;
		};
		8EAFEFA12CD4524600136348 /* Debug */ = {
			isa = XCBuildConfiguration;
			buildSettings = {
				CODE_SIGN_STYLE = Automatic;
				CURRENT_PROJECT_VERSION = 1;
				DEVELOPMENT_TEAM = 8QXLTDU8Z4;
				GENERATE_INFOPLIST_FILE = YES;
				MARKETING_VERSION = 1.0;
				PRODUCT_BUNDLE_IDENTIFIER = benear.azit.group.tests;
				"PRODUCT_BUNDLE_IDENTIFIER[sdk=iphoneos*]" = benear.azit.group.testsios;
				"PRODUCT_BUNDLE_IDENTIFIER[sdk=macosx*]" = benear.azit.group.testsmac;
				PRODUCT_NAME = "$(TARGET_NAME)";
				SWIFT_EMIT_LOC_STRINGS = NO;
				SWIFT_VERSION = 5.0;
				TARGETED_DEVICE_FAMILY = "1,2";
				TEST_TARGET_NAME = Azit;
			};
			name = Debug;
		};
		8EAFEFA22CD4524600136348 /* Release */ = {
			isa = XCBuildConfiguration;
			buildSettings = {
				CODE_SIGN_STYLE = Automatic;
				CURRENT_PROJECT_VERSION = 1;
				DEVELOPMENT_TEAM = 8QXLTDU8Z4;
				GENERATE_INFOPLIST_FILE = YES;
				MARKETING_VERSION = 1.0;
				PRODUCT_BUNDLE_IDENTIFIER = benear.azit.group.tests;
				"PRODUCT_BUNDLE_IDENTIFIER[sdk=iphoneos*]" = benear.azit.group.testsios;
				"PRODUCT_BUNDLE_IDENTIFIER[sdk=macosx*]" = benear.azit.group.testsmac;
				PRODUCT_NAME = "$(TARGET_NAME)";
				SWIFT_EMIT_LOC_STRINGS = NO;
				SWIFT_VERSION = 5.0;
				TARGETED_DEVICE_FAMILY = "1,2";
				TEST_TARGET_NAME = Azit;
			};
			name = Release;
		};
		8EE014542CE5D33E003151F8 /* Debug */ = {
			isa = XCBuildConfiguration;
			buildSettings = {
				ASSETCATALOG_COMPILER_GLOBAL_ACCENT_COLOR_NAME = AccentColor;
				ASSETCATALOG_COMPILER_WIDGET_BACKGROUND_COLOR_NAME = WidgetBackground;
				CODE_SIGN_ENTITLEMENTS = AzitWidgetExtension.entitlements;
				CODE_SIGN_STYLE = Automatic;
				CURRENT_PROJECT_VERSION = 1;
				DEVELOPMENT_TEAM = 8QXLTDU8Z4;
				GENERATE_INFOPLIST_FILE = YES;
				INFOPLIST_FILE = AzitWidget/Info.plist;
				INFOPLIST_KEY_CFBundleDisplayName = AzitWidget;
				INFOPLIST_KEY_NSHumanReadableCopyright = "";
				IPHONEOS_DEPLOYMENT_TARGET = 17.0;
				LD_RUNPATH_SEARCH_PATHS = (
					"$(inherited)",
					"@executable_path/Frameworks",
					"@executable_path/../../Frameworks",
				);
				MARKETING_VERSION = 1.0;
				PRODUCT_BUNDLE_IDENTIFIER = benear.azit.group.widgets;
				PRODUCT_NAME = "$(TARGET_NAME)";
				SKIP_INSTALL = YES;
				SUPPORTED_PLATFORMS = "iphoneos iphonesimulator";
				SUPPORTS_MACCATALYST = NO;
				SUPPORTS_MAC_DESIGNED_FOR_IPHONE_IPAD = NO;
				SUPPORTS_XR_DESIGNED_FOR_IPHONE_IPAD = NO;
				SWIFT_EMIT_LOC_STRINGS = YES;
				SWIFT_VERSION = 5.0;
				TARGETED_DEVICE_FAMILY = 1;
			};
			name = Debug;
		};
		8EE014552CE5D33E003151F8 /* Release */ = {
			isa = XCBuildConfiguration;
			buildSettings = {
				ASSETCATALOG_COMPILER_GLOBAL_ACCENT_COLOR_NAME = AccentColor;
				ASSETCATALOG_COMPILER_WIDGET_BACKGROUND_COLOR_NAME = WidgetBackground;
				CODE_SIGN_ENTITLEMENTS = AzitWidgetExtension.entitlements;
				CODE_SIGN_STYLE = Automatic;
				CURRENT_PROJECT_VERSION = 1;
				DEVELOPMENT_TEAM = 8QXLTDU8Z4;
				GENERATE_INFOPLIST_FILE = YES;
				INFOPLIST_FILE = AzitWidget/Info.plist;
				INFOPLIST_KEY_CFBundleDisplayName = AzitWidget;
				INFOPLIST_KEY_NSHumanReadableCopyright = "";
				IPHONEOS_DEPLOYMENT_TARGET = 17.0;
				LD_RUNPATH_SEARCH_PATHS = (
					"$(inherited)",
					"@executable_path/Frameworks",
					"@executable_path/../../Frameworks",
				);
				MARKETING_VERSION = 1.0;
				PRODUCT_BUNDLE_IDENTIFIER = benear.azit.group.widgets;
				PRODUCT_NAME = "$(TARGET_NAME)";
				SKIP_INSTALL = YES;
				SUPPORTED_PLATFORMS = "iphoneos iphonesimulator";
				SUPPORTS_MACCATALYST = NO;
				SUPPORTS_MAC_DESIGNED_FOR_IPHONE_IPAD = NO;
				SUPPORTS_XR_DESIGNED_FOR_IPHONE_IPAD = NO;
				SWIFT_EMIT_LOC_STRINGS = YES;
				SWIFT_VERSION = 5.0;
				TARGETED_DEVICE_FAMILY = 1;
			};
			name = Release;
		};
/* End XCBuildConfiguration section */

/* Begin XCConfigurationList section */
		8EAFEF712CD4524500136348 /* Build configuration list for PBXProject "Azit" */ = {
			isa = XCConfigurationList;
			buildConfigurations = (
				8EAFEF982CD4524600136348 /* Debug */,
				8EAFEF992CD4524600136348 /* Release */,
			);
			defaultConfigurationIsVisible = 0;
			defaultConfigurationName = Release;
		};
		8EAFEF9A2CD4524600136348 /* Build configuration list for PBXNativeTarget "Azit" */ = {
			isa = XCConfigurationList;
			buildConfigurations = (
				8EAFEF9B2CD4524600136348 /* Debug */,
				8EAFEF9C2CD4524600136348 /* Release */,
			);
			defaultConfigurationIsVisible = 0;
			defaultConfigurationName = Release;
		};
		8EAFEF9D2CD4524600136348 /* Build configuration list for PBXNativeTarget "AzitTests" */ = {
			isa = XCConfigurationList;
			buildConfigurations = (
				8EAFEF9E2CD4524600136348 /* Debug */,
				8EAFEF9F2CD4524600136348 /* Release */,
			);
			defaultConfigurationIsVisible = 0;
			defaultConfigurationName = Release;
		};
		8EAFEFA02CD4524600136348 /* Build configuration list for PBXNativeTarget "AzitUITests" */ = {
			isa = XCConfigurationList;
			buildConfigurations = (
				8EAFEFA12CD4524600136348 /* Debug */,
				8EAFEFA22CD4524600136348 /* Release */,
			);
			defaultConfigurationIsVisible = 0;
			defaultConfigurationName = Release;
		};
		8EE014572CE5D33E003151F8 /* Build configuration list for PBXNativeTarget "AzitWidgetExtension" */ = {
			isa = XCConfigurationList;
			buildConfigurations = (
				8EE014542CE5D33E003151F8 /* Debug */,
				8EE014552CE5D33E003151F8 /* Release */,
			);
			defaultConfigurationIsVisible = 0;
			defaultConfigurationName = Release;
		};
/* End XCConfigurationList section */

/* Begin XCRemoteSwiftPackageReference section */
		8B2FC1C02CEE445E0078443F /* XCRemoteSwiftPackageReference "Kingfisher" */ = {
			isa = XCRemoteSwiftPackageReference;
			repositoryURL = "https://github.com/onevcat/Kingfisher.git";
			requirement = {
				kind = upToNextMajorVersion;
				minimumVersion = 8.1.1;
			};
		};
		8BE42D532CF1B22200AB21F4 /* XCRemoteSwiftPackageReference "swift-collections" */ = {
			isa = XCRemoteSwiftPackageReference;
			repositoryURL = "https://github.com/apple/swift-collections.git";
			requirement = {
				kind = upToNextMajorVersion;
				minimumVersion = 1.1.4;
			};
		};
		8EAFEFB92CD45D8D00136348 /* XCRemoteSwiftPackageReference "firebase-ios-sdk" */ = {
			isa = XCRemoteSwiftPackageReference;
			repositoryURL = "https://github.com/firebase/firebase-ios-sdk";
			requirement = {
				kind = upToNextMajorVersion;
				minimumVersion = 11.4.0;
			};
		};
		8EAFEFCA2CD45DC600136348 /* XCRemoteSwiftPackageReference "GoogleSignIn-iOS" */ = {
			isa = XCRemoteSwiftPackageReference;
			repositoryURL = "https://github.com/google/GoogleSignIn-iOS";
			requirement = {
				kind = upToNextMajorVersion;
				minimumVersion = 8.0.0;
			};
		};
		CE89D79C2CDA8D1600DC73A8 /* XCRemoteSwiftPackageReference "EmojiPicker" */ = {
			isa = XCRemoteSwiftPackageReference;
			repositoryURL = "https://github.com/Kelvas09/EmojiPicker";
			requirement = {
				kind = upToNextMajorVersion;
				minimumVersion = 1.0.1;
			};
		};
		CED22B192CEA33600075F56C /* XCRemoteSwiftPackageReference "AlertToast" */ = {
			isa = XCRemoteSwiftPackageReference;
			repositoryURL = "https://github.com/elai950/AlertToast";
			requirement = {
				kind = upToNextMajorVersion;
				minimumVersion = 1.3.9;
			};
		};
/* End XCRemoteSwiftPackageReference section */

/* Begin XCSwiftPackageProductDependency section */
		8B2FC1C12CEE45B20078443F /* Kingfisher */ = {
			isa = XCSwiftPackageProductDependency;
			package = 8B2FC1C02CEE445E0078443F /* XCRemoteSwiftPackageReference "Kingfisher" */;
			productName = Kingfisher;
		};
		8BE42D542CF1B23200AB21F4 /* OrderedCollections */ = {
			isa = XCSwiftPackageProductDependency;
			package = 8BE42D532CF1B22200AB21F4 /* XCRemoteSwiftPackageReference "swift-collections" */;
			productName = OrderedCollections;
		};
		8EAFEFBA2CD45D8D00136348 /* FirebaseAuth */ = {
			isa = XCSwiftPackageProductDependency;
			package = 8EAFEFB92CD45D8D00136348 /* XCRemoteSwiftPackageReference "firebase-ios-sdk" */;
			productName = FirebaseAuth;
		};
		8EAFEFBC2CD45D8D00136348 /* FirebaseAuthCombine-Community */ = {
			isa = XCSwiftPackageProductDependency;
			package = 8EAFEFB92CD45D8D00136348 /* XCRemoteSwiftPackageReference "firebase-ios-sdk" */;
			productName = "FirebaseAuthCombine-Community";
		};
		8EAFEFBE2CD45D8D00136348 /* FirebaseDatabase */ = {
			isa = XCSwiftPackageProductDependency;
			package = 8EAFEFB92CD45D8D00136348 /* XCRemoteSwiftPackageReference "firebase-ios-sdk" */;
			productName = FirebaseDatabase;
		};
		8EAFEFC02CD45D8D00136348 /* FirebaseFirestore */ = {
			isa = XCSwiftPackageProductDependency;
			package = 8EAFEFB92CD45D8D00136348 /* XCRemoteSwiftPackageReference "firebase-ios-sdk" */;
			productName = FirebaseFirestore;
		};
		8EAFEFC22CD45D8D00136348 /* FirebaseFirestoreCombine-Community */ = {
			isa = XCSwiftPackageProductDependency;
			package = 8EAFEFB92CD45D8D00136348 /* XCRemoteSwiftPackageReference "firebase-ios-sdk" */;
			productName = "FirebaseFirestoreCombine-Community";
		};
		8EAFEFC42CD45D8D00136348 /* FirebaseMessaging */ = {
			isa = XCSwiftPackageProductDependency;
			package = 8EAFEFB92CD45D8D00136348 /* XCRemoteSwiftPackageReference "firebase-ios-sdk" */;
			productName = FirebaseMessaging;
		};
		8EAFEFC62CD45D8D00136348 /* FirebaseStorage */ = {
			isa = XCSwiftPackageProductDependency;
			package = 8EAFEFB92CD45D8D00136348 /* XCRemoteSwiftPackageReference "firebase-ios-sdk" */;
			productName = FirebaseStorage;
		};
		8EAFEFC82CD45D8D00136348 /* FirebaseStorageCombine-Community */ = {
			isa = XCSwiftPackageProductDependency;
			package = 8EAFEFB92CD45D8D00136348 /* XCRemoteSwiftPackageReference "firebase-ios-sdk" */;
			productName = "FirebaseStorageCombine-Community";
		};
		8EAFEFCB2CD45DC600136348 /* GoogleSignIn */ = {
			isa = XCSwiftPackageProductDependency;
			package = 8EAFEFCA2CD45DC600136348 /* XCRemoteSwiftPackageReference "GoogleSignIn-iOS" */;
			productName = GoogleSignIn;
		};
		8EAFEFCD2CD45DC600136348 /* GoogleSignInSwift */ = {
			isa = XCSwiftPackageProductDependency;
			package = 8EAFEFCA2CD45DC600136348 /* XCRemoteSwiftPackageReference "GoogleSignIn-iOS" */;
			productName = GoogleSignInSwift;
		};
		8EAFEFD02CD45F0700136348 /* FirebaseCore */ = {
			isa = XCSwiftPackageProductDependency;
			package = 8EAFEFB92CD45D8D00136348 /* XCRemoteSwiftPackageReference "firebase-ios-sdk" */;
			productName = FirebaseCore;
		};
		8EAFEFD22CD45F5A00136348 /* FirebaseFunctions */ = {
			isa = XCSwiftPackageProductDependency;
			package = 8EAFEFB92CD45D8D00136348 /* XCRemoteSwiftPackageReference "firebase-ios-sdk" */;
			productName = FirebaseFunctions;
		};
		8EAFEFD42CD45F5A00136348 /* FirebaseFunctionsCombine-Community */ = {
			isa = XCSwiftPackageProductDependency;
			package = 8EAFEFB92CD45D8D00136348 /* XCRemoteSwiftPackageReference "firebase-ios-sdk" */;
			productName = "FirebaseFunctionsCombine-Community";
		};
		8EE014582CE5D497003151F8 /* FirebaseAuth */ = {
			isa = XCSwiftPackageProductDependency;
			package = 8EAFEFB92CD45D8D00136348 /* XCRemoteSwiftPackageReference "firebase-ios-sdk" */;
			productName = FirebaseAuth;
		};
		8EE0145A2CE5D497003151F8 /* FirebaseAuthCombine-Community */ = {
			isa = XCSwiftPackageProductDependency;
			package = 8EAFEFB92CD45D8D00136348 /* XCRemoteSwiftPackageReference "firebase-ios-sdk" */;
			productName = "FirebaseAuthCombine-Community";
		};
		8EE0145C2CE5D497003151F8 /* FirebaseCore */ = {
			isa = XCSwiftPackageProductDependency;
			package = 8EAFEFB92CD45D8D00136348 /* XCRemoteSwiftPackageReference "firebase-ios-sdk" */;
			productName = FirebaseCore;
		};
		8EE0145E2CE5D497003151F8 /* FirebaseDatabase */ = {
			isa = XCSwiftPackageProductDependency;
			package = 8EAFEFB92CD45D8D00136348 /* XCRemoteSwiftPackageReference "firebase-ios-sdk" */;
			productName = FirebaseDatabase;
		};
		8EE014602CE5D497003151F8 /* FirebaseFirestore */ = {
			isa = XCSwiftPackageProductDependency;
			package = 8EAFEFB92CD45D8D00136348 /* XCRemoteSwiftPackageReference "firebase-ios-sdk" */;
			productName = FirebaseFirestore;
		};
		8EE014622CE5D497003151F8 /* FirebaseFirestoreCombine-Community */ = {
			isa = XCSwiftPackageProductDependency;
			package = 8EAFEFB92CD45D8D00136348 /* XCRemoteSwiftPackageReference "firebase-ios-sdk" */;
			productName = "FirebaseFirestoreCombine-Community";
		};
		8EE014642CE5D497003151F8 /* FirebaseFunctions */ = {
			isa = XCSwiftPackageProductDependency;
			package = 8EAFEFB92CD45D8D00136348 /* XCRemoteSwiftPackageReference "firebase-ios-sdk" */;
			productName = FirebaseFunctions;
		};
		8EE014662CE5D497003151F8 /* FirebaseFunctionsCombine-Community */ = {
			isa = XCSwiftPackageProductDependency;
			package = 8EAFEFB92CD45D8D00136348 /* XCRemoteSwiftPackageReference "firebase-ios-sdk" */;
			productName = "FirebaseFunctionsCombine-Community";
		};
		8EE014682CE5D497003151F8 /* FirebaseStorage */ = {
			isa = XCSwiftPackageProductDependency;
			package = 8EAFEFB92CD45D8D00136348 /* XCRemoteSwiftPackageReference "firebase-ios-sdk" */;
			productName = FirebaseStorage;
		};
		8EE0146A2CE5D497003151F8 /* FirebaseStorageCombine-Community */ = {
			isa = XCSwiftPackageProductDependency;
			package = 8EAFEFB92CD45D8D00136348 /* XCRemoteSwiftPackageReference "firebase-ios-sdk" */;
			productName = "FirebaseStorageCombine-Community";
		};
		8EE0146C2CE5D497003151F8 /* GoogleSignIn */ = {
			isa = XCSwiftPackageProductDependency;
			package = 8EAFEFCA2CD45DC600136348 /* XCRemoteSwiftPackageReference "GoogleSignIn-iOS" */;
			productName = GoogleSignIn;
		};
		8EE0146E2CE5D497003151F8 /* GoogleSignInSwift */ = {
			isa = XCSwiftPackageProductDependency;
			package = 8EAFEFCA2CD45DC600136348 /* XCRemoteSwiftPackageReference "GoogleSignIn-iOS" */;
			productName = GoogleSignInSwift;
		};
		CE0B24BF2CEEC35A002FE86D /* Kingfisher */ = {
			isa = XCSwiftPackageProductDependency;
			package = 8B2FC1C02CEE445E0078443F /* XCRemoteSwiftPackageReference "Kingfisher" */;
			productName = Kingfisher;
		};
		CE89D79D2CDA8D1600DC73A8 /* EmojiPicker */ = {
			isa = XCSwiftPackageProductDependency;
			package = CE89D79C2CDA8D1600DC73A8 /* XCRemoteSwiftPackageReference "EmojiPicker" */;
			productName = EmojiPicker;
		};
		CED22B1A2CEA33600075F56C /* AlertToast */ = {
			isa = XCSwiftPackageProductDependency;
			package = CED22B192CEA33600075F56C /* XCRemoteSwiftPackageReference "AlertToast" */;
			productName = AlertToast;
		};
/* End XCSwiftPackageProductDependency section */
	};
	rootObject = 8EAFEF6E2CD4524500136348 /* Project object */;
}
